// !$*UTF8*$!
{
	archiveVersion = 1;
	classes = {
	};
	objectVersion = 55;
	objects = {

/* Begin PBXBuildFile section */
		4A0BE6D027E7F7D400B8D724 /* GameItem.swift in Sources */ = {isa = PBXBuildFile; fileRef = 4A0BE6CF27E7F7D400B8D724 /* GameItem.swift */; };
		4A0BE6D227E8074300B8D724 /* SearchGameRow.swift in Sources */ = {isa = PBXBuildFile; fileRef = 4A0BE6D127E8074300B8D724 /* SearchGameRow.swift */; };
		4A1A673427F89D3C006656A6 /* Rating.swift in Sources */ = {isa = PBXBuildFile; fileRef = 4A1A673327F89D3C006656A6 /* Rating.swift */; };
		4A1A673627F8AF15006656A6 /* ScrollItems.swift in Sources */ = {isa = PBXBuildFile; fileRef = 4A1A673527F8AF15006656A6 /* ScrollItems.swift */; };
		4A1A673827F8B949006656A6 /* KeyValueText.swift in Sources */ = {isa = PBXBuildFile; fileRef = 4A1A673727F8B949006656A6 /* KeyValueText.swift */; };
		4A27352827E36C5C005C129A /* UserConfig.swift in Sources */ = {isa = PBXBuildFile; fileRef = 4A27352727E36C5C005C129A /* UserConfig.swift */; };
		4A2C312027E97E99001CAFD8 /* GamesList.swift in Sources */ = {isa = PBXBuildFile; fileRef = 4A2C311F27E97E99001CAFD8 /* GamesList.swift */; };
		4A2D244927EC165E005A9502 /* FormField.swift in Sources */ = {isa = PBXBuildFile; fileRef = 4A2D244827EC165E005A9502 /* FormField.swift */; };
		4A3D48FE27F7EA5F00C390D0 /* SearchFilter.swift in Sources */ = {isa = PBXBuildFile; fileRef = 4A3D48FD27F7EA5F00C390D0 /* SearchFilter.swift */; };
		4A3D490027F7F49C00C390D0 /* SearchGameAdd.swift in Sources */ = {isa = PBXBuildFile; fileRef = 4A3D48FF27F7F49C00C390D0 /* SearchGameAdd.swift */; };
		4A3F991B27E217D60016AC9C /* StatsHome.swift in Sources */ = {isa = PBXBuildFile; fileRef = 4A3F991A27E217D60016AC9C /* StatsHome.swift */; };
		4A5604282803097D008A15C6 /* ToGaming.xcdatamodeld in Sources */ = {isa = PBXBuildFile; fileRef = 4A5604262803097D008A15C6 /* ToGaming.xcdatamodeld */; };
		4A56042A28031588008A15C6 /* PreviewData.swift in Sources */ = {isa = PBXBuildFile; fileRef = 4A56042928031588008A15C6 /* PreviewData.swift */; };
		4A56042C28031604008A15C6 /* GameHelper.swift in Sources */ = {isa = PBXBuildFile; fileRef = 4A56042B28031604008A15C6 /* GameHelper.swift */; };
		4A56042E28031EF5008A15C6 /* GameSearchHelper.swift in Sources */ = {isa = PBXBuildFile; fileRef = 4A56042D28031EF5008A15C6 /* GameSearchHelper.swift */; };
		4A560430280324EF008A15C6 /* UserConfigHelper.swift in Sources */ = {isa = PBXBuildFile; fileRef = 4A56042F280324EF008A15C6 /* UserConfigHelper.swift */; };
		4A56043228032665008A15C6 /* Persistence.swift in Sources */ = {isa = PBXBuildFile; fileRef = 4A56043128032665008A15C6 /* Persistence.swift */; };
		4A61A97927FBD74D00A0612A /* ListSelect.swift in Sources */ = {isa = PBXBuildFile; fileRef = 4A61A97827FBD74D00A0612A /* ListSelect.swift */; };
		4A61A97B27FBDFBF00A0612A /* FilterSection.swift in Sources */ = {isa = PBXBuildFile; fileRef = 4A61A97A27FBDFBF00A0612A /* FilterSection.swift */; };
		4A61A97D27FBEA9500A0612A /* EditFormField.swift in Sources */ = {isa = PBXBuildFile; fileRef = 4A61A97C27FBEA9500A0612A /* EditFormField.swift */; };
		4A748B1E2811A31500FB1604 /* UnknownBox.swift in Sources */ = {isa = PBXBuildFile; fileRef = 4A748B1D2811A31500FB1604 /* UnknownBox.swift */; };
		4A7DD6E6280F302A0083DE2C /* RemoteImage.swift in Sources */ = {isa = PBXBuildFile; fileRef = 4A7DD6E5280F302A0083DE2C /* RemoteImage.swift */; };
		4A7DD6E8280F30840083DE2C /* ImageHelper.swift in Sources */ = {isa = PBXBuildFile; fileRef = 4A7DD6E7280F30840083DE2C /* ImageHelper.swift */; };
		4A81A28B27E571830078BD7B /* GameSearch.swift in Sources */ = {isa = PBXBuildFile; fileRef = 4A81A28A27E571830078BD7B /* GameSearch.swift */; };
		4A81A28F27E585FA0078BD7B /* SearchGameDetail.swift in Sources */ = {isa = PBXBuildFile; fileRef = 4A81A28E27E585FA0078BD7B /* SearchGameDetail.swift */; };
		4A81A29227E58A200078BD7B /* DateHelper.swift in Sources */ = {isa = PBXBuildFile; fileRef = 4A81A29127E58A200078BD7B /* DateHelper.swift */; };
		4A8300662811048F0046F474 /* LaunchScreen.storyboard in Resources */ = {isa = PBXBuildFile; fileRef = 4A8300652811048F0046F474 /* LaunchScreen.storyboard */; };
		4A87279327E02F0700E8F76B /* Game.swift in Sources */ = {isa = PBXBuildFile; fileRef = 4A87279227E02F0700E8F76B /* Game.swift */; };
		4A87279527E0309200E8F76B /* EditGame.swift in Sources */ = {isa = PBXBuildFile; fileRef = 4A87279427E0309200E8F76B /* EditGame.swift */; };
		4A87279727E0330600E8F76B /* GameDetail.swift in Sources */ = {isa = PBXBuildFile; fileRef = 4A87279627E0330600E8F76B /* GameDetail.swift */; };
		4A87D2C927DE729400585B01 /* ToGamingApp.swift in Sources */ = {isa = PBXBuildFile; fileRef = 4A87D2C827DE729400585B01 /* ToGamingApp.swift */; };
		4A87D2CD27DE729500585B01 /* Assets.xcassets in Resources */ = {isa = PBXBuildFile; fileRef = 4A87D2CC27DE729500585B01 /* Assets.xcassets */; };
		4A87D2D027DE729500585B01 /* Preview Assets.xcassets in Resources */ = {isa = PBXBuildFile; fileRef = 4A87D2CF27DE729500585B01 /* Preview Assets.xcassets */; };
		4A87D2DC27DEBCFD00585B01 /* SearchHome.swift in Sources */ = {isa = PBXBuildFile; fileRef = 4A87D2DB27DEBCFD00585B01 /* SearchHome.swift */; };
		4A87D2DE27DEBF2900585B01 /* GamesHome.swift in Sources */ = {isa = PBXBuildFile; fileRef = 4A87D2DD27DEBF2900585B01 /* GamesHome.swift */; };
		4A87D2E027DEBF3300585B01 /* ConfigHome.swift in Sources */ = {isa = PBXBuildFile; fileRef = 4A87D2DF27DEBF3300585B01 /* ConfigHome.swift */; };
		4A87D2E227DEC5F000585B01 /* NewGame.swift in Sources */ = {isa = PBXBuildFile; fileRef = 4A87D2E127DEC5F000585B01 /* NewGame.swift */; };
		4A87D2E427DEC8D800585B01 /* GameCard.swift in Sources */ = {isa = PBXBuildFile; fileRef = 4A87D2E327DEC8D800585B01 /* GameCard.swift */; };
		4A881E3F27E62DD400E86EBA /* GamesSearch.swift in Sources */ = {isa = PBXBuildFile; fileRef = 4A881E3E27E62DD400E86EBA /* GamesSearch.swift */; };
		4A98D7E6280E5079006C4BF6 /* GameSearchDataViewModel.swift in Sources */ = {isa = PBXBuildFile; fileRef = 4A98D7E5280E5079006C4BF6 /* GameSearchDataViewModel.swift */; };
		4A98D7E8280E67E1006C4BF6 /* SearchGameNewDetail.swift in Sources */ = {isa = PBXBuildFile; fileRef = 4A98D7E7280E67E1006C4BF6 /* SearchGameNewDetail.swift */; };
		4AAA0B3F280CF29900D5410E /* SwiftyJSON in Frameworks */ = {isa = PBXBuildFile; productRef = 4AAA0B3E280CF29900D5410E /* SwiftyJSON */; };
		4AAA0B42280CF2AE00D5410E /* Alamofire in Frameworks */ = {isa = PBXBuildFile; productRef = 4AAA0B41280CF2AE00D5410E /* Alamofire */; };
		4AAA0B44280CF88900D5410E /* GameSearchViewModel.swift in Sources */ = {isa = PBXBuildFile; fileRef = 4AAA0B43280CF88900D5410E /* GameSearchViewModel.swift */; };
		4AAA0B46280D013900D5410E /* GameNewSearch.swift in Sources */ = {isa = PBXBuildFile; fileRef = 4AAA0B45280D013900D5410E /* GameNewSearch.swift */; };
		4AB6898527F4E0F300718215 /* ContentView.swift in Sources */ = {isa = PBXBuildFile; fileRef = 4AB6898427F4E0F200718215 /* ContentView.swift */; };
		4AB70CE127FD29B6002DA54B /* RecentlySearchedGameRow.swift in Sources */ = {isa = PBXBuildFile; fileRef = 4AB70CE027FD29B6002DA54B /* RecentlySearchedGameRow.swift */; };
		4AB9583D27F297D800EAE362 /* AddGame.swift in Sources */ = {isa = PBXBuildFile; fileRef = 4AB9583C27F297D800EAE362 /* AddGame.swift */; };
		4AB9583F27F2A9A500EAE362 /* StatusToIcon.swift in Sources */ = {isa = PBXBuildFile; fileRef = 4AB9583E27F2A9A500EAE362 /* StatusToIcon.swift */; };
		4AD6AEF7281E3F96000D670D /* RecentSearchRow.swift in Sources */ = {isa = PBXBuildFile; fileRef = 4AD6AEF6281E3F96000D670D /* RecentSearchRow.swift */; };
		4AD6AEF9281E4519000D670D /* SearchRow.swift in Sources */ = {isa = PBXBuildFile; fileRef = 4AD6AEF8281E4519000D670D /* SearchRow.swift */; };
		4AD6AEFB281E4540000D670D /* SearchRowContent.swift in Sources */ = {isa = PBXBuildFile; fileRef = 4AD6AEFA281E4540000D670D /* SearchRowContent.swift */; };
		4AD6AEFD281ECCF7000D670D /* ConfigFieldRow.swift in Sources */ = {isa = PBXBuildFile; fileRef = 4AD6AEFC281ECCF7000D670D /* ConfigFieldRow.swift */; };
		4AD6AF01281F70B6000D670D /* IconSymbol.swift in Sources */ = {isa = PBXBuildFile; fileRef = 4AD6AF00281F70B6000D670D /* IconSymbol.swift */; };
		4AD6AF03281F77BD000D670D /* Tab.swift in Sources */ = {isa = PBXBuildFile; fileRef = 4AD6AF02281F77BD000D670D /* Tab.swift */; };
		4AD6AF05281F7886000D670D /* ConfigHome.swift in Sources */ = {isa = PBXBuildFile; fileRef = 4AD6AF04281F7886000D670D /* ConfigHome.swift */; };
		4AD6AF07281F7891000D670D /* SearchHome.swift in Sources */ = {isa = PBXBuildFile; fileRef = 4AD6AF06281F7891000D670D /* SearchHome.swift */; };
		4AD6AF09281F8208000D670D /* IconLabel.swift in Sources */ = {isa = PBXBuildFile; fileRef = 4AD6AF08281F8208000D670D /* IconLabel.swift */; };
		4AE2F22B27E4314A0036EAD9 /* AboutPage.swift in Sources */ = {isa = PBXBuildFile; fileRef = 4AE2F22A27E4314A0036EAD9 /* AboutPage.swift */; };
		4AE2F22D27E433F80036EAD9 /* GameRow.swift in Sources */ = {isa = PBXBuildFile; fileRef = 4AE2F22C27E433F80036EAD9 /* GameRow.swift */; };
		4AE830AA2809E01500D6BEFE /* SearchGameResults.swift in Sources */ = {isa = PBXBuildFile; fileRef = 4AE830A92809E01500D6BEFE /* SearchGameResults.swift */; };
		4AE830AD280A039300D6BEFE /* IgdbService.swift in Sources */ = {isa = PBXBuildFile; fileRef = 4AE830AC280A039300D6BEFE /* IgdbService.swift */; };
		4AFD480B281E0726004F72F7 /* ToGamingFaceliftApp.swift in Sources */ = {isa = PBXBuildFile; fileRef = 4AFD480A281E0726004F72F7 /* ToGamingFaceliftApp.swift */; };
		4AFD480D281E0726004F72F7 /* ContentView.swift in Sources */ = {isa = PBXBuildFile; fileRef = 4AFD480C281E0726004F72F7 /* ContentView.swift */; };
		4AFD480F281E0727004F72F7 /* Assets.xcassets in Resources */ = {isa = PBXBuildFile; fileRef = 4AFD480E281E0727004F72F7 /* Assets.xcassets */; };
		4AFD4812281E0727004F72F7 /* Preview Assets.xcassets in Resources */ = {isa = PBXBuildFile; fileRef = 4AFD4811281E0727004F72F7 /* Preview Assets.xcassets */; };
		4AFD4814281E0727004F72F7 /* Persistence.swift in Sources */ = {isa = PBXBuildFile; fileRef = 4AFD4813281E0727004F72F7 /* Persistence.swift */; };
		4AFD4817281E0727004F72F7 /* ToGamingFacelift.xcdatamodeld in Sources */ = {isa = PBXBuildFile; fileRef = 4AFD4815281E0727004F72F7 /* ToGamingFacelift.xcdatamodeld */; };
/* End PBXBuildFile section */

/* Begin PBXFileReference section */
		4A0BE6CF27E7F7D400B8D724 /* GameItem.swift */ = {isa = PBXFileReference; lastKnownFileType = sourcecode.swift; path = GameItem.swift; sourceTree = "<group>"; };
		4A0BE6D127E8074300B8D724 /* SearchGameRow.swift */ = {isa = PBXFileReference; lastKnownFileType = sourcecode.swift; path = SearchGameRow.swift; sourceTree = "<group>"; };
		4A1A673327F89D3C006656A6 /* Rating.swift */ = {isa = PBXFileReference; lastKnownFileType = sourcecode.swift; path = Rating.swift; sourceTree = "<group>"; };
		4A1A673527F8AF15006656A6 /* ScrollItems.swift */ = {isa = PBXFileReference; lastKnownFileType = sourcecode.swift; path = ScrollItems.swift; sourceTree = "<group>"; };
		4A1A673727F8B949006656A6 /* KeyValueText.swift */ = {isa = PBXFileReference; lastKnownFileType = sourcecode.swift; path = KeyValueText.swift; sourceTree = "<group>"; };
		4A27352727E36C5C005C129A /* UserConfig.swift */ = {isa = PBXFileReference; lastKnownFileType = sourcecode.swift; path = UserConfig.swift; sourceTree = "<group>"; };
		4A2C311F27E97E99001CAFD8 /* GamesList.swift */ = {isa = PBXFileReference; lastKnownFileType = sourcecode.swift; path = GamesList.swift; sourceTree = "<group>"; };
		4A2D244827EC165E005A9502 /* FormField.swift */ = {isa = PBXFileReference; lastKnownFileType = sourcecode.swift; path = FormField.swift; sourceTree = "<group>"; };
		4A3D48FD27F7EA5F00C390D0 /* SearchFilter.swift */ = {isa = PBXFileReference; lastKnownFileType = sourcecode.swift; path = SearchFilter.swift; sourceTree = "<group>"; };
		4A3D48FF27F7F49C00C390D0 /* SearchGameAdd.swift */ = {isa = PBXFileReference; lastKnownFileType = sourcecode.swift; path = SearchGameAdd.swift; sourceTree = "<group>"; };
		4A3F991A27E217D60016AC9C /* StatsHome.swift */ = {isa = PBXFileReference; lastKnownFileType = sourcecode.swift; path = StatsHome.swift; sourceTree = "<group>"; };
		4A5604272803097D008A15C6 /* ToGaming.xcdatamodel */ = {isa = PBXFileReference; lastKnownFileType = wrapper.xcdatamodel; path = ToGaming.xcdatamodel; sourceTree = "<group>"; };
		4A56042928031588008A15C6 /* PreviewData.swift */ = {isa = PBXFileReference; lastKnownFileType = sourcecode.swift; path = PreviewData.swift; sourceTree = "<group>"; };
		4A56042B28031604008A15C6 /* GameHelper.swift */ = {isa = PBXFileReference; lastKnownFileType = sourcecode.swift; path = GameHelper.swift; sourceTree = "<group>"; };
		4A56042D28031EF5008A15C6 /* GameSearchHelper.swift */ = {isa = PBXFileReference; lastKnownFileType = sourcecode.swift; path = GameSearchHelper.swift; sourceTree = "<group>"; };
		4A56042F280324EF008A15C6 /* UserConfigHelper.swift */ = {isa = PBXFileReference; lastKnownFileType = sourcecode.swift; path = UserConfigHelper.swift; sourceTree = "<group>"; };
		4A56043128032665008A15C6 /* Persistence.swift */ = {isa = PBXFileReference; lastKnownFileType = sourcecode.swift; path = Persistence.swift; sourceTree = "<group>"; };
		4A61A97827FBD74D00A0612A /* ListSelect.swift */ = {isa = PBXFileReference; lastKnownFileType = sourcecode.swift; path = ListSelect.swift; sourceTree = "<group>"; };
		4A61A97A27FBDFBF00A0612A /* FilterSection.swift */ = {isa = PBXFileReference; lastKnownFileType = sourcecode.swift; path = FilterSection.swift; sourceTree = "<group>"; };
		4A61A97C27FBEA9500A0612A /* EditFormField.swift */ = {isa = PBXFileReference; lastKnownFileType = sourcecode.swift; path = EditFormField.swift; sourceTree = "<group>"; };
		4A748B1D2811A31500FB1604 /* UnknownBox.swift */ = {isa = PBXFileReference; lastKnownFileType = sourcecode.swift; path = UnknownBox.swift; sourceTree = "<group>"; };
		4A7DD6E5280F302A0083DE2C /* RemoteImage.swift */ = {isa = PBXFileReference; lastKnownFileType = sourcecode.swift; path = RemoteImage.swift; sourceTree = "<group>"; };
		4A7DD6E7280F30840083DE2C /* ImageHelper.swift */ = {isa = PBXFileReference; lastKnownFileType = sourcecode.swift; path = ImageHelper.swift; sourceTree = "<group>"; };
		4A81A28A27E571830078BD7B /* GameSearch.swift */ = {isa = PBXFileReference; lastKnownFileType = sourcecode.swift; path = GameSearch.swift; sourceTree = "<group>"; };
		4A81A28E27E585FA0078BD7B /* SearchGameDetail.swift */ = {isa = PBXFileReference; lastKnownFileType = sourcecode.swift; path = SearchGameDetail.swift; sourceTree = "<group>"; };
		4A81A29127E58A200078BD7B /* DateHelper.swift */ = {isa = PBXFileReference; lastKnownFileType = sourcecode.swift; path = DateHelper.swift; sourceTree = "<group>"; };
		4A830064281088410046F474 /* Info.plist */ = {isa = PBXFileReference; lastKnownFileType = text.plist.xml; path = Info.plist; sourceTree = "<group>"; };
		4A8300652811048F0046F474 /* LaunchScreen.storyboard */ = {isa = PBXFileReference; lastKnownFileType = file.storyboard; path = LaunchScreen.storyboard; sourceTree = "<group>"; };
		4A87279227E02F0700E8F76B /* Game.swift */ = {isa = PBXFileReference; lastKnownFileType = sourcecode.swift; path = Game.swift; sourceTree = "<group>"; };
		4A87279427E0309200E8F76B /* EditGame.swift */ = {isa = PBXFileReference; lastKnownFileType = sourcecode.swift; path = EditGame.swift; sourceTree = "<group>"; };
		4A87279627E0330600E8F76B /* GameDetail.swift */ = {isa = PBXFileReference; lastKnownFileType = sourcecode.swift; path = GameDetail.swift; sourceTree = "<group>"; };
		4A87D2C527DE729400585B01 /* ToGaming.app */ = {isa = PBXFileReference; explicitFileType = wrapper.application; includeInIndex = 0; path = ToGaming.app; sourceTree = BUILT_PRODUCTS_DIR; };
		4A87D2C827DE729400585B01 /* ToGamingApp.swift */ = {isa = PBXFileReference; lastKnownFileType = sourcecode.swift; path = ToGamingApp.swift; sourceTree = "<group>"; };
		4A87D2CC27DE729500585B01 /* Assets.xcassets */ = {isa = PBXFileReference; lastKnownFileType = folder.assetcatalog; path = Assets.xcassets; sourceTree = "<group>"; };
		4A87D2CF27DE729500585B01 /* Preview Assets.xcassets */ = {isa = PBXFileReference; lastKnownFileType = folder.assetcatalog; path = "Preview Assets.xcassets"; sourceTree = "<group>"; };
		4A87D2DB27DEBCFD00585B01 /* SearchHome.swift */ = {isa = PBXFileReference; lastKnownFileType = sourcecode.swift; path = SearchHome.swift; sourceTree = "<group>"; };
		4A87D2DD27DEBF2900585B01 /* GamesHome.swift */ = {isa = PBXFileReference; lastKnownFileType = sourcecode.swift; path = GamesHome.swift; sourceTree = "<group>"; };
		4A87D2DF27DEBF3300585B01 /* ConfigHome.swift */ = {isa = PBXFileReference; lastKnownFileType = sourcecode.swift; path = ConfigHome.swift; sourceTree = "<group>"; };
		4A87D2E127DEC5F000585B01 /* NewGame.swift */ = {isa = PBXFileReference; lastKnownFileType = sourcecode.swift; path = NewGame.swift; sourceTree = "<group>"; };
		4A87D2E327DEC8D800585B01 /* GameCard.swift */ = {isa = PBXFileReference; lastKnownFileType = sourcecode.swift; path = GameCard.swift; sourceTree = "<group>"; };
		4A881E3E27E62DD400E86EBA /* GamesSearch.swift */ = {isa = PBXFileReference; lastKnownFileType = sourcecode.swift; path = GamesSearch.swift; sourceTree = "<group>"; };
		4A98D7E5280E5079006C4BF6 /* GameSearchDataViewModel.swift */ = {isa = PBXFileReference; lastKnownFileType = sourcecode.swift; path = GameSearchDataViewModel.swift; sourceTree = "<group>"; };
		4A98D7E7280E67E1006C4BF6 /* SearchGameNewDetail.swift */ = {isa = PBXFileReference; lastKnownFileType = sourcecode.swift; path = SearchGameNewDetail.swift; sourceTree = "<group>"; };
		4AAA0B43280CF88900D5410E /* GameSearchViewModel.swift */ = {isa = PBXFileReference; lastKnownFileType = sourcecode.swift; path = GameSearchViewModel.swift; sourceTree = "<group>"; };
		4AAA0B45280D013900D5410E /* GameNewSearch.swift */ = {isa = PBXFileReference; lastKnownFileType = sourcecode.swift; path = GameNewSearch.swift; sourceTree = "<group>"; };
		4AB6898427F4E0F200718215 /* ContentView.swift */ = {isa = PBXFileReference; fileEncoding = 4; lastKnownFileType = sourcecode.swift; path = ContentView.swift; sourceTree = "<group>"; };
		4AB70CE027FD29B6002DA54B /* RecentlySearchedGameRow.swift */ = {isa = PBXFileReference; lastKnownFileType = sourcecode.swift; path = RecentlySearchedGameRow.swift; sourceTree = "<group>"; };
		4AB9583C27F297D800EAE362 /* AddGame.swift */ = {isa = PBXFileReference; lastKnownFileType = sourcecode.swift; path = AddGame.swift; sourceTree = "<group>"; };
		4AB9583E27F2A9A500EAE362 /* StatusToIcon.swift */ = {isa = PBXFileReference; lastKnownFileType = sourcecode.swift; path = StatusToIcon.swift; sourceTree = "<group>"; };
		4AD6AEF6281E3F96000D670D /* RecentSearchRow.swift */ = {isa = PBXFileReference; lastKnownFileType = sourcecode.swift; path = RecentSearchRow.swift; sourceTree = "<group>"; };
		4AD6AEF8281E4519000D670D /* SearchRow.swift */ = {isa = PBXFileReference; lastKnownFileType = sourcecode.swift; path = SearchRow.swift; sourceTree = "<group>"; };
		4AD6AEFA281E4540000D670D /* SearchRowContent.swift */ = {isa = PBXFileReference; lastKnownFileType = sourcecode.swift; path = SearchRowContent.swift; sourceTree = "<group>"; };
		4AD6AEFC281ECCF7000D670D /* ConfigFieldRow.swift */ = {isa = PBXFileReference; lastKnownFileType = sourcecode.swift; path = ConfigFieldRow.swift; sourceTree = "<group>"; };
		4AD6AF00281F70B6000D670D /* IconSymbol.swift */ = {isa = PBXFileReference; lastKnownFileType = sourcecode.swift; path = IconSymbol.swift; sourceTree = "<group>"; };
		4AD6AF02281F77BD000D670D /* Tab.swift */ = {isa = PBXFileReference; lastKnownFileType = sourcecode.swift; path = Tab.swift; sourceTree = "<group>"; };
		4AD6AF04281F7886000D670D /* ConfigHome.swift */ = {isa = PBXFileReference; lastKnownFileType = sourcecode.swift; path = ConfigHome.swift; sourceTree = "<group>"; };
		4AD6AF06281F7891000D670D /* SearchHome.swift */ = {isa = PBXFileReference; lastKnownFileType = sourcecode.swift; path = SearchHome.swift; sourceTree = "<group>"; };
		4AD6AF08281F8208000D670D /* IconLabel.swift */ = {isa = PBXFileReference; lastKnownFileType = sourcecode.swift; path = IconLabel.swift; sourceTree = "<group>"; };
		4AE2F22A27E4314A0036EAD9 /* AboutPage.swift */ = {isa = PBXFileReference; lastKnownFileType = sourcecode.swift; path = AboutPage.swift; sourceTree = "<group>"; };
		4AE2F22C27E433F80036EAD9 /* GameRow.swift */ = {isa = PBXFileReference; lastKnownFileType = sourcecode.swift; path = GameRow.swift; sourceTree = "<group>"; };
		4AE830A92809E01500D6BEFE /* SearchGameResults.swift */ = {isa = PBXFileReference; lastKnownFileType = sourcecode.swift; path = SearchGameResults.swift; sourceTree = "<group>"; };
		4AE830AC280A039300D6BEFE /* IgdbService.swift */ = {isa = PBXFileReference; lastKnownFileType = sourcecode.swift; path = IgdbService.swift; sourceTree = "<group>"; };
		4AFD4808281E0726004F72F7 /* ToGamingFacelift.app */ = {isa = PBXFileReference; explicitFileType = wrapper.application; includeInIndex = 0; path = ToGamingFacelift.app; sourceTree = BUILT_PRODUCTS_DIR; };
		4AFD480A281E0726004F72F7 /* ToGamingFaceliftApp.swift */ = {isa = PBXFileReference; lastKnownFileType = sourcecode.swift; path = ToGamingFaceliftApp.swift; sourceTree = "<group>"; };
		4AFD480C281E0726004F72F7 /* ContentView.swift */ = {isa = PBXFileReference; lastKnownFileType = sourcecode.swift; path = ContentView.swift; sourceTree = "<group>"; };
		4AFD480E281E0727004F72F7 /* Assets.xcassets */ = {isa = PBXFileReference; lastKnownFileType = folder.assetcatalog; path = Assets.xcassets; sourceTree = "<group>"; };
		4AFD4811281E0727004F72F7 /* Preview Assets.xcassets */ = {isa = PBXFileReference; lastKnownFileType = folder.assetcatalog; path = "Preview Assets.xcassets"; sourceTree = "<group>"; };
		4AFD4813281E0727004F72F7 /* Persistence.swift */ = {isa = PBXFileReference; lastKnownFileType = sourcecode.swift; path = Persistence.swift; sourceTree = "<group>"; };
		4AFD4816281E0727004F72F7 /* ToGamingFacelift.xcdatamodel */ = {isa = PBXFileReference; lastKnownFileType = wrapper.xcdatamodel; path = ToGamingFacelift.xcdatamodel; sourceTree = "<group>"; };
/* End PBXFileReference section */

/* Begin PBXFrameworksBuildPhase section */
		4A87D2C227DE729400585B01 /* Frameworks */ = {
			isa = PBXFrameworksBuildPhase;
			buildActionMask = 2147483647;
			files = (
				4AAA0B3F280CF29900D5410E /* SwiftyJSON in Frameworks */,
				4AAA0B42280CF2AE00D5410E /* Alamofire in Frameworks */,
			);
			runOnlyForDeploymentPostprocessing = 0;
		};
		4AFD4805281E0726004F72F7 /* Frameworks */ = {
			isa = PBXFrameworksBuildPhase;
			buildActionMask = 2147483647;
			files = (
			);
			runOnlyForDeploymentPostprocessing = 0;
		};
/* End PBXFrameworksBuildPhase section */

/* Begin PBXGroup section */
		4A2D244727EC164C005A9502 /* Common */ = {
			isa = PBXGroup;
			children = (
				4A61A97C27FBEA9500A0612A /* EditFormField.swift */,
				4A2D244827EC165E005A9502 /* FormField.swift */,
				4A1A673327F89D3C006656A6 /* Rating.swift */,
				4A1A673527F8AF15006656A6 /* ScrollItems.swift */,
				4A1A673727F8B949006656A6 /* KeyValueText.swift */,
				4A61A97827FBD74D00A0612A /* ListSelect.swift */,
				4A61A97A27FBDFBF00A0612A /* FilterSection.swift */,
				4A7DD6E5280F302A0083DE2C /* RemoteImage.swift */,
				4A748B1D2811A31500FB1604 /* UnknownBox.swift */,
			);
			path = Common;
			sourceTree = "<group>";
		};
		4A3F991927E217C10016AC9C /* Statistics */ = {
			isa = PBXGroup;
			children = (
				4A3F991A27E217D60016AC9C /* StatsHome.swift */,
			);
			path = Statistics;
			sourceTree = "<group>";
		};
		4A81A29027E58A0C0078BD7B /* Helper */ = {
			isa = PBXGroup;
			children = (
				4A7DD6E7280F30840083DE2C /* ImageHelper.swift */,
				4A81A29127E58A200078BD7B /* DateHelper.swift */,
				4AB9583E27F2A9A500EAE362 /* StatusToIcon.swift */,
				4A56042B28031604008A15C6 /* GameHelper.swift */,
				4A56042D28031EF5008A15C6 /* GameSearchHelper.swift */,
				4A56042F280324EF008A15C6 /* UserConfigHelper.swift */,
			);
			path = Helper;
			sourceTree = "<group>";
		};
		4A87D2BC27DE729300585B01 = {
			isa = PBXGroup;
			children = (
				4A87D2C727DE729400585B01 /* ToGaming */,
				4AFD4809281E0726004F72F7 /* ToGamingFacelift */,
				4A87D2C627DE729400585B01 /* Products */,
			);
			sourceTree = "<group>";
		};
		4A87D2C627DE729400585B01 /* Products */ = {
			isa = PBXGroup;
			children = (
				4A87D2C527DE729400585B01 /* ToGaming.app */,
				4AFD4808281E0726004F72F7 /* ToGamingFacelift.app */,
			);
			name = Products;
			sourceTree = "<group>";
		};
		4A87D2C727DE729400585B01 /* ToGaming */ = {
			isa = PBXGroup;
			children = (
				4A830064281088410046F474 /* Info.plist */,
				4AE830AB2809E27C00D6BEFE /* Networking */,
				4A81A29027E58A0C0078BD7B /* Helper */,
				4A87D2D727DEBC5800585B01 /* Model */,
				4A87D2D627DEBC5300585B01 /* Views */,
				4AB6898427F4E0F200718215 /* ContentView.swift */,
				4A87D2C827DE729400585B01 /* ToGamingApp.swift */,
				4A8300652811048F0046F474 /* LaunchScreen.storyboard */,
				4A87D2CC27DE729500585B01 /* Assets.xcassets */,
				4A5604262803097D008A15C6 /* ToGaming.xcdatamodeld */,
				4A87D2CE27DE729500585B01 /* Preview Content */,
			);
			path = ToGaming;
			sourceTree = "<group>";
		};
		4A87D2CE27DE729500585B01 /* Preview Content */ = {
			isa = PBXGroup;
			children = (
				4A87D2CF27DE729500585B01 /* Preview Assets.xcassets */,
			);
			path = "Preview Content";
			sourceTree = "<group>";
		};
		4A87D2D627DEBC5300585B01 /* Views */ = {
			isa = PBXGroup;
			children = (
				4A2D244727EC164C005A9502 /* Common */,
				4A3F991927E217C10016AC9C /* Statistics */,
				4A87D2DA27DEBC9A00585B01 /* Games */,
				4A87D2D827DEBC8D00585B01 /* Search */,
				4A87D2D927DEBC9500585B01 /* Configuration */,
				4AE2F22A27E4314A0036EAD9 /* AboutPage.swift */,
			);
			path = Views;
			sourceTree = "<group>";
		};
		4A87D2D727DEBC5800585B01 /* Model */ = {
			isa = PBXGroup;
			children = (
				4A87279227E02F0700E8F76B /* Game.swift */,
				4A27352727E36C5C005C129A /* UserConfig.swift */,
				4A81A28A27E571830078BD7B /* GameSearch.swift */,
				4AAA0B45280D013900D5410E /* GameNewSearch.swift */,
				4A56042928031588008A15C6 /* PreviewData.swift */,
				4A56043128032665008A15C6 /* Persistence.swift */,
			);
			path = Model;
			sourceTree = "<group>";
		};
		4A87D2D827DEBC8D00585B01 /* Search */ = {
			isa = PBXGroup;
			children = (
				4A87D2DB27DEBCFD00585B01 /* SearchHome.swift */,
				4A98D7E7280E67E1006C4BF6 /* SearchGameNewDetail.swift */,
				4A81A28E27E585FA0078BD7B /* SearchGameDetail.swift */,
				4A0BE6D127E8074300B8D724 /* SearchGameRow.swift */,
				4A3D48FD27F7EA5F00C390D0 /* SearchFilter.swift */,
				4A3D48FF27F7F49C00C390D0 /* SearchGameAdd.swift */,
				4AB70CE027FD29B6002DA54B /* RecentlySearchedGameRow.swift */,
				4AE830A92809E01500D6BEFE /* SearchGameResults.swift */,
			);
			path = Search;
			sourceTree = "<group>";
		};
		4A87D2D927DEBC9500585B01 /* Configuration */ = {
			isa = PBXGroup;
			children = (
				4A87D2DF27DEBF3300585B01 /* ConfigHome.swift */,
			);
			path = Configuration;
			sourceTree = "<group>";
		};
		4A87D2DA27DEBC9A00585B01 /* Games */ = {
			isa = PBXGroup;
			children = (
				4A87D2DD27DEBF2900585B01 /* GamesHome.swift */,
				4A87D2E327DEC8D800585B01 /* GameCard.swift */,
				4A881E3E27E62DD400E86EBA /* GamesSearch.swift */,
				4A87D2E127DEC5F000585B01 /* NewGame.swift */,
				4A87279427E0309200E8F76B /* EditGame.swift */,
				4A87279627E0330600E8F76B /* GameDetail.swift */,
				4AE2F22C27E433F80036EAD9 /* GameRow.swift */,
				4A0BE6CF27E7F7D400B8D724 /* GameItem.swift */,
				4A2C311F27E97E99001CAFD8 /* GamesList.swift */,
				4AB9583C27F297D800EAE362 /* AddGame.swift */,
			);
			path = Games;
			sourceTree = "<group>";
		};
		4AD6AEF5281E3F7A000D670D /* Common */ = {
			isa = PBXGroup;
			children = (
				4AD6AF08281F8208000D670D /* IconLabel.swift */,
			);
			path = Common;
			sourceTree = "<group>";
		};
		4AD6AEFE281F709F000D670D /* Models */ = {
			isa = PBXGroup;
			children = (
				4AD6AEFF281F70A4000D670D /* Enum */,
			);
			path = Models;
			sourceTree = "<group>";
		};
		4AD6AEFF281F70A4000D670D /* Enum */ = {
			isa = PBXGroup;
			children = (
				4AD6AF00281F70B6000D670D /* IconSymbol.swift */,
				4AD6AF02281F77BD000D670D /* Tab.swift */,
			);
			path = Enum;
			sourceTree = "<group>";
		};
		4AE830AB2809E27C00D6BEFE /* Networking */ = {
			isa = PBXGroup;
			children = (
				4AE830AC280A039300D6BEFE /* IgdbService.swift */,
				4AAA0B43280CF88900D5410E /* GameSearchViewModel.swift */,
				4A98D7E5280E5079006C4BF6 /* GameSearchDataViewModel.swift */,
			);
			path = Networking;
			sourceTree = "<group>";
		};
		4AFD4809281E0726004F72F7 /* ToGamingFacelift */ = {
			isa = PBXGroup;
			children = (
				4AD6AEFE281F709F000D670D /* Models */,
				4AFD481B281E0733004F72F7 /* Views */,
				4AFD480A281E0726004F72F7 /* ToGamingFaceliftApp.swift */,
				4AFD480C281E0726004F72F7 /* ContentView.swift */,
				4AFD4813281E0727004F72F7 /* Persistence.swift */,
				4AFD480E281E0727004F72F7 /* Assets.xcassets */,
				4AFD4815281E0727004F72F7 /* ToGamingFacelift.xcdatamodeld */,
				4AFD4810281E0727004F72F7 /* Preview Content */,
			);
			path = ToGamingFacelift;
			sourceTree = "<group>";
		};
		4AFD4810281E0727004F72F7 /* Preview Content */ = {
			isa = PBXGroup;
			children = (
				4AFD4811281E0727004F72F7 /* Preview Assets.xcassets */,
			);
			path = "Preview Content";
			sourceTree = "<group>";
		};
		4AFD481B281E0733004F72F7 /* Views */ = {
			isa = PBXGroup;
			children = (
				4AD6AEF5281E3F7A000D670D /* Common */,
				4AFD481E281E07CA004F72F7 /* Config */,
				4AFD481D281E07BB004F72F7 /* MyGames */,
				4AFD481C281E07A7004F72F7 /* Search */,
			);
			path = Views;
			sourceTree = "<group>";
		};
		4AFD481C281E07A7004F72F7 /* Search */ = {
			isa = PBXGroup;
			children = (
				4AD6AF06281F7891000D670D /* SearchHome.swift */,
				4AD6AEF6281E3F96000D670D /* RecentSearchRow.swift */,
				4AD6AEF8281E4519000D670D /* SearchRow.swift */,
				4AD6AEFA281E4540000D670D /* SearchRowContent.swift */,
			);
			path = Search;
			sourceTree = "<group>";
		};
		4AFD481D281E07BB004F72F7 /* MyGames */ = {
			isa = PBXGroup;
			children = (
			);
			path = MyGames;
			sourceTree = "<group>";
		};
		4AFD481E281E07CA004F72F7 /* Config */ = {
			isa = PBXGroup;
			children = (
				4AD6AF04281F7886000D670D /* ConfigHome.swift */,
				4AD6AEFC281ECCF7000D670D /* ConfigFieldRow.swift */,
			);
			path = Config;
			sourceTree = "<group>";
		};
/* End PBXGroup section */

/* Begin PBXNativeTarget section */
		4A87D2C427DE729400585B01 /* ToGaming */ = {
			isa = PBXNativeTarget;
			buildConfigurationList = 4A87D2D327DE729500585B01 /* Build configuration list for PBXNativeTarget "ToGaming" */;
			buildPhases = (
				4A87D2C127DE729400585B01 /* Sources */,
				4A87D2C227DE729400585B01 /* Frameworks */,
				4A87D2C327DE729400585B01 /* Resources */,
			);
			buildRules = (
			);
			dependencies = (
			);
			name = ToGaming;
			packageProductDependencies = (
				4AAA0B3E280CF29900D5410E /* SwiftyJSON */,
				4AAA0B41280CF2AE00D5410E /* Alamofire */,
			);
			productName = ToGaming;
			productReference = 4A87D2C527DE729400585B01 /* ToGaming.app */;
			productType = "com.apple.product-type.application";
		};
		4AFD4807281E0726004F72F7 /* ToGamingFacelift */ = {
			isa = PBXNativeTarget;
			buildConfigurationList = 4AFD481A281E0727004F72F7 /* Build configuration list for PBXNativeTarget "ToGamingFacelift" */;
			buildPhases = (
				4AFD4804281E0726004F72F7 /* Sources */,
				4AFD4805281E0726004F72F7 /* Frameworks */,
				4AFD4806281E0726004F72F7 /* Resources */,
			);
			buildRules = (
			);
			dependencies = (
			);
			name = ToGamingFacelift;
			productName = ToGamingFacelift;
			productReference = 4AFD4808281E0726004F72F7 /* ToGamingFacelift.app */;
			productType = "com.apple.product-type.application";
		};
/* End PBXNativeTarget section */

/* Begin PBXProject section */
		4A87D2BD27DE729300585B01 /* Project object */ = {
			isa = PBXProject;
			attributes = {
				BuildIndependentTargetsInParallel = 1;
				LastSwiftUpdateCheck = 1330;
				LastUpgradeCheck = 1320;
				TargetAttributes = {
					4A87D2C427DE729400585B01 = {
						CreatedOnToolsVersion = 13.2.1;
					};
					4AFD4807281E0726004F72F7 = {
						CreatedOnToolsVersion = 13.3;
					};
				};
			};
			buildConfigurationList = 4A87D2C027DE729300585B01 /* Build configuration list for PBXProject "ToGaming" */;
			compatibilityVersion = "Xcode 13.0";
			developmentRegion = en;
			hasScannedForEncodings = 0;
			knownRegions = (
				en,
				Base,
			);
			mainGroup = 4A87D2BC27DE729300585B01;
			packageReferences = (
				4AAA0B3D280CF29900D5410E /* XCRemoteSwiftPackageReference "SwiftyJSON" */,
				4AAA0B40280CF2AE00D5410E /* XCRemoteSwiftPackageReference "Alamofire" */,
			);
			productRefGroup = 4A87D2C627DE729400585B01 /* Products */;
			projectDirPath = "";
			projectRoot = "";
			targets = (
				4A87D2C427DE729400585B01 /* ToGaming */,
				4AFD4807281E0726004F72F7 /* ToGamingFacelift */,
			);
		};
/* End PBXProject section */

/* Begin PBXResourcesBuildPhase section */
		4A87D2C327DE729400585B01 /* Resources */ = {
			isa = PBXResourcesBuildPhase;
			buildActionMask = 2147483647;
			files = (
				4A8300662811048F0046F474 /* LaunchScreen.storyboard in Resources */,
				4A87D2D027DE729500585B01 /* Preview Assets.xcassets in Resources */,
				4A87D2CD27DE729500585B01 /* Assets.xcassets in Resources */,
			);
			runOnlyForDeploymentPostprocessing = 0;
		};
		4AFD4806281E0726004F72F7 /* Resources */ = {
			isa = PBXResourcesBuildPhase;
			buildActionMask = 2147483647;
			files = (
				4AFD4812281E0727004F72F7 /* Preview Assets.xcassets in Resources */,
				4AFD480F281E0727004F72F7 /* Assets.xcassets in Resources */,
			);
			runOnlyForDeploymentPostprocessing = 0;
		};
/* End PBXResourcesBuildPhase section */

/* Begin PBXSourcesBuildPhase section */
		4A87D2C127DE729400585B01 /* Sources */ = {
			isa = PBXSourcesBuildPhase;
			buildActionMask = 2147483647;
			files = (
				4AE2F22B27E4314A0036EAD9 /* AboutPage.swift in Sources */,
				4A87D2E227DEC5F000585B01 /* NewGame.swift in Sources */,
				4A0BE6D027E7F7D400B8D724 /* GameItem.swift in Sources */,
				4A61A97927FBD74D00A0612A /* ListSelect.swift in Sources */,
				4A7DD6E8280F30840083DE2C /* ImageHelper.swift in Sources */,
				4A5604282803097D008A15C6 /* ToGaming.xcdatamodeld in Sources */,
				4A3D48FE27F7EA5F00C390D0 /* SearchFilter.swift in Sources */,
				4A98D7E6280E5079006C4BF6 /* GameSearchDataViewModel.swift in Sources */,
				4AB9583D27F297D800EAE362 /* AddGame.swift in Sources */,
				4A87D2DE27DEBF2900585B01 /* GamesHome.swift in Sources */,
				4A56043228032665008A15C6 /* Persistence.swift in Sources */,
				4A81A28F27E585FA0078BD7B /* SearchGameDetail.swift in Sources */,
				4A87D2DC27DEBCFD00585B01 /* SearchHome.swift in Sources */,
				4A61A97B27FBDFBF00A0612A /* FilterSection.swift in Sources */,
				4A87279727E0330600E8F76B /* GameDetail.swift in Sources */,
				4A56042A28031588008A15C6 /* PreviewData.swift in Sources */,
				4A2D244927EC165E005A9502 /* FormField.swift in Sources */,
				4A1A673427F89D3C006656A6 /* Rating.swift in Sources */,
				4AB9583F27F2A9A500EAE362 /* StatusToIcon.swift in Sources */,
				4AE2F22D27E433F80036EAD9 /* GameRow.swift in Sources */,
				4A748B1E2811A31500FB1604 /* UnknownBox.swift in Sources */,
				4A2C312027E97E99001CAFD8 /* GamesList.swift in Sources */,
				4AB6898527F4E0F300718215 /* ContentView.swift in Sources */,
				4AE830AD280A039300D6BEFE /* IgdbService.swift in Sources */,
				4AB70CE127FD29B6002DA54B /* RecentlySearchedGameRow.swift in Sources */,
				4A27352827E36C5C005C129A /* UserConfig.swift in Sources */,
				4A0BE6D227E8074300B8D724 /* SearchGameRow.swift in Sources */,
				4A56042C28031604008A15C6 /* GameHelper.swift in Sources */,
				4A87D2C927DE729400585B01 /* ToGamingApp.swift in Sources */,
				4AAA0B44280CF88900D5410E /* GameSearchViewModel.swift in Sources */,
				4A87D2E427DEC8D800585B01 /* GameCard.swift in Sources */,
				4A3D490027F7F49C00C390D0 /* SearchGameAdd.swift in Sources */,
				4A1A673627F8AF15006656A6 /* ScrollItems.swift in Sources */,
				4A1A673827F8B949006656A6 /* KeyValueText.swift in Sources */,
				4A81A28B27E571830078BD7B /* GameSearch.swift in Sources */,
				4AE830AA2809E01500D6BEFE /* SearchGameResults.swift in Sources */,
				4AAA0B46280D013900D5410E /* GameNewSearch.swift in Sources */,
				4A87279527E0309200E8F76B /* EditGame.swift in Sources */,
				4A881E3F27E62DD400E86EBA /* GamesSearch.swift in Sources */,
				4A61A97D27FBEA9500A0612A /* EditFormField.swift in Sources */,
				4A560430280324EF008A15C6 /* UserConfigHelper.swift in Sources */,
				4A98D7E8280E67E1006C4BF6 /* SearchGameNewDetail.swift in Sources */,
				4A56042E28031EF5008A15C6 /* GameSearchHelper.swift in Sources */,
				4A87D2E027DEBF3300585B01 /* ConfigHome.swift in Sources */,
				4A81A29227E58A200078BD7B /* DateHelper.swift in Sources */,
				4A7DD6E6280F302A0083DE2C /* RemoteImage.swift in Sources */,
				4A87279327E02F0700E8F76B /* Game.swift in Sources */,
				4A3F991B27E217D60016AC9C /* StatsHome.swift in Sources */,
			);
			runOnlyForDeploymentPostprocessing = 0;
		};
		4AFD4804281E0726004F72F7 /* Sources */ = {
			isa = PBXSourcesBuildPhase;
			buildActionMask = 2147483647;
			files = (
				4AFD4814281E0727004F72F7 /* Persistence.swift in Sources */,
				4AD6AEFD281ECCF7000D670D /* ConfigFieldRow.swift in Sources */,
				4AFD4817281E0727004F72F7 /* ToGamingFacelift.xcdatamodeld in Sources */,
				4AFD480D281E0726004F72F7 /* ContentView.swift in Sources */,
				4AD6AEFB281E4540000D670D /* SearchRowContent.swift in Sources */,
				4AFD480B281E0726004F72F7 /* ToGamingFaceliftApp.swift in Sources */,
				4AD6AF07281F7891000D670D /* SearchHome.swift in Sources */,
				4AD6AF05281F7886000D670D /* ConfigHome.swift in Sources */,
				4AD6AEF9281E4519000D670D /* SearchRow.swift in Sources */,
				4AD6AF03281F77BD000D670D /* Tab.swift in Sources */,
				4AD6AF01281F70B6000D670D /* IconSymbol.swift in Sources */,
				4AD6AEF7281E3F96000D670D /* RecentSearchRow.swift in Sources */,
				4AD6AF09281F8208000D670D /* IconLabel.swift in Sources */,
			);
			runOnlyForDeploymentPostprocessing = 0;
		};
/* End PBXSourcesBuildPhase section */

/* Begin XCBuildConfiguration section */
		4A87D2D127DE729500585B01 /* Debug */ = {
			isa = XCBuildConfiguration;
			buildSettings = {
				ALWAYS_SEARCH_USER_PATHS = NO;
				CLANG_ANALYZER_NONNULL = YES;
				CLANG_ANALYZER_NUMBER_OBJECT_CONVERSION = YES_AGGRESSIVE;
				CLANG_CXX_LANGUAGE_STANDARD = "gnu++17";
				CLANG_CXX_LIBRARY = "libc++";
				CLANG_ENABLE_MODULES = YES;
				CLANG_ENABLE_OBJC_ARC = YES;
				CLANG_ENABLE_OBJC_WEAK = YES;
				CLANG_WARN_BLOCK_CAPTURE_AUTORELEASING = YES;
				CLANG_WARN_BOOL_CONVERSION = YES;
				CLANG_WARN_COMMA = YES;
				CLANG_WARN_CONSTANT_CONVERSION = YES;
				CLANG_WARN_DEPRECATED_OBJC_IMPLEMENTATIONS = YES;
				CLANG_WARN_DIRECT_OBJC_ISA_USAGE = YES_ERROR;
				CLANG_WARN_DOCUMENTATION_COMMENTS = YES;
				CLANG_WARN_EMPTY_BODY = YES;
				CLANG_WARN_ENUM_CONVERSION = YES;
				CLANG_WARN_INFINITE_RECURSION = YES;
				CLANG_WARN_INT_CONVERSION = YES;
				CLANG_WARN_NON_LITERAL_NULL_CONVERSION = YES;
				CLANG_WARN_OBJC_IMPLICIT_RETAIN_SELF = YES;
				CLANG_WARN_OBJC_LITERAL_CONVERSION = YES;
				CLANG_WARN_OBJC_ROOT_CLASS = YES_ERROR;
				CLANG_WARN_QUOTED_INCLUDE_IN_FRAMEWORK_HEADER = YES;
				CLANG_WARN_RANGE_LOOP_ANALYSIS = YES;
				CLANG_WARN_STRICT_PROTOTYPES = YES;
				CLANG_WARN_SUSPICIOUS_MOVE = YES;
				CLANG_WARN_UNGUARDED_AVAILABILITY = YES_AGGRESSIVE;
				CLANG_WARN_UNREACHABLE_CODE = YES;
				CLANG_WARN__DUPLICATE_METHOD_MATCH = YES;
				COPY_PHASE_STRIP = NO;
				DEBUG_INFORMATION_FORMAT = dwarf;
				ENABLE_STRICT_OBJC_MSGSEND = YES;
				ENABLE_TESTABILITY = YES;
				GCC_C_LANGUAGE_STANDARD = gnu11;
				GCC_DYNAMIC_NO_PIC = NO;
				GCC_NO_COMMON_BLOCKS = YES;
				GCC_OPTIMIZATION_LEVEL = 0;
				GCC_PREPROCESSOR_DEFINITIONS = (
					"DEBUG=1",
					"$(inherited)",
				);
				GCC_WARN_64_TO_32_BIT_CONVERSION = YES;
				GCC_WARN_ABOUT_RETURN_TYPE = YES_ERROR;
				GCC_WARN_UNDECLARED_SELECTOR = YES;
				GCC_WARN_UNINITIALIZED_AUTOS = YES_AGGRESSIVE;
				GCC_WARN_UNUSED_FUNCTION = YES;
				GCC_WARN_UNUSED_VARIABLE = YES;
				IPHONEOS_DEPLOYMENT_TARGET = 15.2;
				MTL_ENABLE_DEBUG_INFO = INCLUDE_SOURCE;
				MTL_FAST_MATH = YES;
				ONLY_ACTIVE_ARCH = YES;
				SDKROOT = iphoneos;
				SWIFT_ACTIVE_COMPILATION_CONDITIONS = DEBUG;
				SWIFT_OPTIMIZATION_LEVEL = "-Onone";
			};
			name = Debug;
		};
		4A87D2D227DE729500585B01 /* Release */ = {
			isa = XCBuildConfiguration;
			buildSettings = {
				ALWAYS_SEARCH_USER_PATHS = NO;
				CLANG_ANALYZER_NONNULL = YES;
				CLANG_ANALYZER_NUMBER_OBJECT_CONVERSION = YES_AGGRESSIVE;
				CLANG_CXX_LANGUAGE_STANDARD = "gnu++17";
				CLANG_CXX_LIBRARY = "libc++";
				CLANG_ENABLE_MODULES = YES;
				CLANG_ENABLE_OBJC_ARC = YES;
				CLANG_ENABLE_OBJC_WEAK = YES;
				CLANG_WARN_BLOCK_CAPTURE_AUTORELEASING = YES;
				CLANG_WARN_BOOL_CONVERSION = YES;
				CLANG_WARN_COMMA = YES;
				CLANG_WARN_CONSTANT_CONVERSION = YES;
				CLANG_WARN_DEPRECATED_OBJC_IMPLEMENTATIONS = YES;
				CLANG_WARN_DIRECT_OBJC_ISA_USAGE = YES_ERROR;
				CLANG_WARN_DOCUMENTATION_COMMENTS = YES;
				CLANG_WARN_EMPTY_BODY = YES;
				CLANG_WARN_ENUM_CONVERSION = YES;
				CLANG_WARN_INFINITE_RECURSION = YES;
				CLANG_WARN_INT_CONVERSION = YES;
				CLANG_WARN_NON_LITERAL_NULL_CONVERSION = YES;
				CLANG_WARN_OBJC_IMPLICIT_RETAIN_SELF = YES;
				CLANG_WARN_OBJC_LITERAL_CONVERSION = YES;
				CLANG_WARN_OBJC_ROOT_CLASS = YES_ERROR;
				CLANG_WARN_QUOTED_INCLUDE_IN_FRAMEWORK_HEADER = YES;
				CLANG_WARN_RANGE_LOOP_ANALYSIS = YES;
				CLANG_WARN_STRICT_PROTOTYPES = YES;
				CLANG_WARN_SUSPICIOUS_MOVE = YES;
				CLANG_WARN_UNGUARDED_AVAILABILITY = YES_AGGRESSIVE;
				CLANG_WARN_UNREACHABLE_CODE = YES;
				CLANG_WARN__DUPLICATE_METHOD_MATCH = YES;
				COPY_PHASE_STRIP = NO;
				DEBUG_INFORMATION_FORMAT = "dwarf-with-dsym";
				ENABLE_NS_ASSERTIONS = NO;
				ENABLE_STRICT_OBJC_MSGSEND = YES;
				GCC_C_LANGUAGE_STANDARD = gnu11;
				GCC_NO_COMMON_BLOCKS = YES;
				GCC_WARN_64_TO_32_BIT_CONVERSION = YES;
				GCC_WARN_ABOUT_RETURN_TYPE = YES_ERROR;
				GCC_WARN_UNDECLARED_SELECTOR = YES;
				GCC_WARN_UNINITIALIZED_AUTOS = YES_AGGRESSIVE;
				GCC_WARN_UNUSED_FUNCTION = YES;
				GCC_WARN_UNUSED_VARIABLE = YES;
				IPHONEOS_DEPLOYMENT_TARGET = 15.2;
				MTL_ENABLE_DEBUG_INFO = NO;
				MTL_FAST_MATH = YES;
				SDKROOT = iphoneos;
				SWIFT_COMPILATION_MODE = wholemodule;
				SWIFT_OPTIMIZATION_LEVEL = "-O";
				VALIDATE_PRODUCT = YES;
			};
			name = Release;
		};
		4A87D2D427DE729500585B01 /* Debug */ = {
			isa = XCBuildConfiguration;
			buildSettings = {
				ASSETCATALOG_COMPILER_APPICON_NAME = AppIcon;
				ASSETCATALOG_COMPILER_GLOBAL_ACCENT_COLOR_NAME = AccentColor;
				CODE_SIGN_IDENTITY = "Apple Development";
				CODE_SIGN_STYLE = Automatic;
				CURRENT_PROJECT_VERSION = 1;
				DEVELOPMENT_ASSET_PATHS = "\"ToGaming/Preview Content\"";
				DEVELOPMENT_TEAM = X9ZWB64F79;
				ENABLE_PREVIEWS = YES;
				GENERATE_INFOPLIST_FILE = YES;
				INFOPLIST_FILE = ToGaming/Info.plist;
				INFOPLIST_KEY_UIApplicationSceneManifest_Generation = YES;
				INFOPLIST_KEY_UIApplicationSupportsIndirectInputEvents = YES;
				INFOPLIST_KEY_UILaunchStoryboardName = LaunchScreen;
				INFOPLIST_KEY_UISupportedInterfaceOrientations = "";
				INFOPLIST_KEY_UISupportedInterfaceOrientations_iPad = "UIInterfaceOrientationPortrait UIInterfaceOrientationPortraitUpsideDown UIInterfaceOrientationLandscapeLeft UIInterfaceOrientationLandscapeRight";
				INFOPLIST_KEY_UISupportedInterfaceOrientations_iPhone = "UIInterfaceOrientationPortrait UIInterfaceOrientationLandscapeLeft UIInterfaceOrientationLandscapeRight";
				LD_RUNPATH_SEARCH_PATHS = (
					"$(inherited)",
					"@executable_path/Frameworks",
				);
				MARKETING_VERSION = 1.0;
				PRODUCT_BUNDLE_IDENTIFIER = felipe.ToGaming;
				PRODUCT_NAME = "$(TARGET_NAME)";
				PROVISIONING_PROFILE_SPECIFIER = "";
				SWIFT_EMIT_LOC_STRINGS = YES;
				SWIFT_VERSION = 5.0;
				TARGETED_DEVICE_FAMILY = "1,2";
			};
			name = Debug;
		};
		4A87D2D527DE729500585B01 /* Release */ = {
			isa = XCBuildConfiguration;
			buildSettings = {
				ASSETCATALOG_COMPILER_APPICON_NAME = AppIcon;
				ASSETCATALOG_COMPILER_GLOBAL_ACCENT_COLOR_NAME = AccentColor;
				CODE_SIGN_IDENTITY = "Apple Development";
				CODE_SIGN_STYLE = Automatic;
				CURRENT_PROJECT_VERSION = 1;
				DEVELOPMENT_ASSET_PATHS = "\"ToGaming/Preview Content\"";
				DEVELOPMENT_TEAM = X9ZWB64F79;
				ENABLE_PREVIEWS = YES;
				GENERATE_INFOPLIST_FILE = YES;
				INFOPLIST_FILE = ToGaming/Info.plist;
				INFOPLIST_KEY_UIApplicationSceneManifest_Generation = YES;
				INFOPLIST_KEY_UIApplicationSupportsIndirectInputEvents = YES;
				INFOPLIST_KEY_UILaunchStoryboardName = LaunchScreen;
				INFOPLIST_KEY_UISupportedInterfaceOrientations = "";
				INFOPLIST_KEY_UISupportedInterfaceOrientations_iPad = "UIInterfaceOrientationPortrait UIInterfaceOrientationPortraitUpsideDown UIInterfaceOrientationLandscapeLeft UIInterfaceOrientationLandscapeRight";
				INFOPLIST_KEY_UISupportedInterfaceOrientations_iPhone = "UIInterfaceOrientationPortrait UIInterfaceOrientationLandscapeLeft UIInterfaceOrientationLandscapeRight";
				LD_RUNPATH_SEARCH_PATHS = (
					"$(inherited)",
					"@executable_path/Frameworks",
				);
				MARKETING_VERSION = 1.0;
				PRODUCT_BUNDLE_IDENTIFIER = felipe.ToGaming;
				PRODUCT_NAME = "$(TARGET_NAME)";
				PROVISIONING_PROFILE_SPECIFIER = "";
				SWIFT_EMIT_LOC_STRINGS = YES;
				SWIFT_VERSION = 5.0;
				TARGETED_DEVICE_FAMILY = "1,2";
			};
			name = Release;
		};
		4AFD4818281E0727004F72F7 /* Debug */ = {
			isa = XCBuildConfiguration;
			buildSettings = {
				ASSETCATALOG_COMPILER_APPICON_NAME = AppIcon;
				ASSETCATALOG_COMPILER_GLOBAL_ACCENT_COLOR_NAME = AccentColor;
				CODE_SIGN_STYLE = Automatic;
				CURRENT_PROJECT_VERSION = 1;
				DEVELOPMENT_ASSET_PATHS = "\"ToGamingFacelift/Preview Content\"";
				DEVELOPMENT_TEAM = X9ZWB64F79;
				ENABLE_PREVIEWS = YES;
				GENERATE_INFOPLIST_FILE = YES;
				INFOPLIST_KEY_UIApplicationSceneManifest_Generation = YES;
				INFOPLIST_KEY_UIApplicationSupportsIndirectInputEvents = YES;
				INFOPLIST_KEY_UILaunchScreen_Generation = YES;
				INFOPLIST_KEY_UISupportedInterfaceOrientations_iPad = "UIInterfaceOrientationPortrait UIInterfaceOrientationPortraitUpsideDown UIInterfaceOrientationLandscapeLeft UIInterfaceOrientationLandscapeRight";
				INFOPLIST_KEY_UISupportedInterfaceOrientations_iPhone = "UIInterfaceOrientationPortrait UIInterfaceOrientationLandscapeLeft UIInterfaceOrientationLandscapeRight";
				IPHONEOS_DEPLOYMENT_TARGET = 15.4;
				LD_RUNPATH_SEARCH_PATHS = (
					"$(inherited)",
					"@executable_path/Frameworks",
				);
				MARKETING_VERSION = 1.0;
				PRODUCT_BUNDLE_IDENTIFIER = felipe.ToGamingFacelift;
				PRODUCT_NAME = "$(TARGET_NAME)";
				SWIFT_EMIT_LOC_STRINGS = YES;
				SWIFT_VERSION = 5.0;
				TARGETED_DEVICE_FAMILY = "1,2";
			};
			name = Debug;
		};
		4AFD4819281E0727004F72F7 /* Release */ = {
			isa = XCBuildConfiguration;
			buildSettings = {
				ASSETCATALOG_COMPILER_APPICON_NAME = AppIcon;
				ASSETCATALOG_COMPILER_GLOBAL_ACCENT_COLOR_NAME = AccentColor;
				CODE_SIGN_STYLE = Automatic;
				CURRENT_PROJECT_VERSION = 1;
				DEVELOPMENT_ASSET_PATHS = "\"ToGamingFacelift/Preview Content\"";
				DEVELOPMENT_TEAM = X9ZWB64F79;
				ENABLE_PREVIEWS = YES;
				GENERATE_INFOPLIST_FILE = YES;
				INFOPLIST_KEY_UIApplicationSceneManifest_Generation = YES;
				INFOPLIST_KEY_UIApplicationSupportsIndirectInputEvents = YES;
				INFOPLIST_KEY_UILaunchScreen_Generation = YES;
				INFOPLIST_KEY_UISupportedInterfaceOrientations_iPad = "UIInterfaceOrientationPortrait UIInterfaceOrientationPortraitUpsideDown UIInterfaceOrientationLandscapeLeft UIInterfaceOrientationLandscapeRight";
				INFOPLIST_KEY_UISupportedInterfaceOrientations_iPhone = "UIInterfaceOrientationPortrait UIInterfaceOrientationLandscapeLeft UIInterfaceOrientationLandscapeRight";
				IPHONEOS_DEPLOYMENT_TARGET = 15.4;
				LD_RUNPATH_SEARCH_PATHS = (
					"$(inherited)",
					"@executable_path/Frameworks",
				);
				MARKETING_VERSION = 1.0;
				PRODUCT_BUNDLE_IDENTIFIER = felipe.ToGamingFacelift;
				PRODUCT_NAME = "$(TARGET_NAME)";
				SWIFT_EMIT_LOC_STRINGS = YES;
				SWIFT_VERSION = 5.0;
				TARGETED_DEVICE_FAMILY = "1,2";
			};
			name = Release;
		};
/* End XCBuildConfiguration section */

/* Begin XCConfigurationList section */
		4A87D2C027DE729300585B01 /* Build configuration list for PBXProject "ToGaming" */ = {
			isa = XCConfigurationList;
			buildConfigurations = (
				4A87D2D127DE729500585B01 /* Debug */,
				4A87D2D227DE729500585B01 /* Release */,
			);
			defaultConfigurationIsVisible = 0;
			defaultConfigurationName = Release;
		};
		4A87D2D327DE729500585B01 /* Build configuration list for PBXNativeTarget "ToGaming" */ = {
			isa = XCConfigurationList;
			buildConfigurations = (
				4A87D2D427DE729500585B01 /* Debug */,
				4A87D2D527DE729500585B01 /* Release */,
			);
			defaultConfigurationIsVisible = 0;
			defaultConfigurationName = Release;
		};
		4AFD481A281E0727004F72F7 /* Build configuration list for PBXNativeTarget "ToGamingFacelift" */ = {
			isa = XCConfigurationList;
			buildConfigurations = (
				4AFD4818281E0727004F72F7 /* Debug */,
				4AFD4819281E0727004F72F7 /* Release */,
			);
			defaultConfigurationIsVisible = 0;
			defaultConfigurationName = Release;
		};
/* End XCConfigurationList section */

/* Begin XCRemoteSwiftPackageReference section */
		4AAA0B3D280CF29900D5410E /* XCRemoteSwiftPackageReference "SwiftyJSON" */ = {
			isa = XCRemoteSwiftPackageReference;
			repositoryURL = "https://github.com/SwiftyJSON/SwiftyJSON";
			requirement = {
				kind = upToNextMinorVersion;
				minimumVersion = 5.0.0;
			};
		};
		4AAA0B40280CF2AE00D5410E /* XCRemoteSwiftPackageReference "Alamofire" */ = {
			isa = XCRemoteSwiftPackageReference;
			repositoryURL = "https://github.com/Alamofire/Alamofire.git";
			requirement = {
				kind = upToNextMinorVersion;
				minimumVersion = 5.6.0;
			};
		};
/* End XCRemoteSwiftPackageReference section */

/* Begin XCSwiftPackageProductDependency section */
		4AAA0B3E280CF29900D5410E /* SwiftyJSON */ = {
			isa = XCSwiftPackageProductDependency;
			package = 4AAA0B3D280CF29900D5410E /* XCRemoteSwiftPackageReference "SwiftyJSON" */;
			productName = SwiftyJSON;
		};
		4AAA0B41280CF2AE00D5410E /* Alamofire */ = {
			isa = XCSwiftPackageProductDependency;
			package = 4AAA0B40280CF2AE00D5410E /* XCRemoteSwiftPackageReference "Alamofire" */;
			productName = Alamofire;
		};
/* End XCSwiftPackageProductDependency section */

/* Begin XCVersionGroup section */
		4A5604262803097D008A15C6 /* ToGaming.xcdatamodeld */ = {
			isa = XCVersionGroup;
			children = (
				4A5604272803097D008A15C6 /* ToGaming.xcdatamodel */,
			);
			currentVersion = 4A5604272803097D008A15C6 /* ToGaming.xcdatamodel */;
			path = ToGaming.xcdatamodeld;
			sourceTree = "<group>";
			versionGroupType = wrapper.xcdatamodel;
		};
		4AFD4815281E0727004F72F7 /* ToGamingFacelift.xcdatamodeld */ = {
			isa = XCVersionGroup;
			children = (
				4AFD4816281E0727004F72F7 /* ToGamingFacelift.xcdatamodel */,
			);
			currentVersion = 4AFD4816281E0727004F72F7 /* ToGamingFacelift.xcdatamodel */;
			path = ToGamingFacelift.xcdatamodeld;
			sourceTree = "<group>";
			versionGroupType = wrapper.xcdatamodel;
		};
/* End XCVersionGroup section */
	};
	rootObject = 4A87D2BD27DE729300585B01 /* Project object */;
}
