// !$*UTF8*$!
{
	archiveVersion = 1;
	classes = {
	};
	objectVersion = 55;
	objects = {

/* Begin PBXBuildFile section */
		4A039D8727E5399100F49EEE /* ModelData.swift in Sources */ = {isa = PBXBuildFile; fileRef = 4A039D8627E5399100F49EEE /* ModelData.swift */; };
		4A0BE6D027E7F7D400B8D724 /* GameItem.swift in Sources */ = {isa = PBXBuildFile; fileRef = 4A0BE6CF27E7F7D400B8D724 /* GameItem.swift */; };
		4A0BE6D227E8074300B8D724 /* SearchGameRow.swift in Sources */ = {isa = PBXBuildFile; fileRef = 4A0BE6D127E8074300B8D724 /* SearchGameRow.swift */; };
		4A1A673427F89D3C006656A6 /* Rating.swift in Sources */ = {isa = PBXBuildFile; fileRef = 4A1A673327F89D3C006656A6 /* Rating.swift */; };
		4A1A673627F8AF15006656A6 /* ScrollItems.swift in Sources */ = {isa = PBXBuildFile; fileRef = 4A1A673527F8AF15006656A6 /* ScrollItems.swift */; };
		4A1A673827F8B949006656A6 /* KeyValueText.swift in Sources */ = {isa = PBXBuildFile; fileRef = 4A1A673727F8B949006656A6 /* KeyValueText.swift */; };
		4A27352827E36C5C005C129A /* UserConfig.swift in Sources */ = {isa = PBXBuildFile; fileRef = 4A27352727E36C5C005C129A /* UserConfig.swift */; };
		4A2C311C27E97703001CAFD8 /* EmptyGameCard.swift in Sources */ = {isa = PBXBuildFile; fileRef = 4A2C311B27E97703001CAFD8 /* EmptyGameCard.swift */; };
		4A2C311E27E97714001CAFD8 /* ToListGameCard.swift in Sources */ = {isa = PBXBuildFile; fileRef = 4A2C311D27E97714001CAFD8 /* ToListGameCard.swift */; };
		4A2C312027E97E99001CAFD8 /* GamesList.swift in Sources */ = {isa = PBXBuildFile; fileRef = 4A2C311F27E97E99001CAFD8 /* GamesList.swift */; };
		4A2D244927EC165E005A9502 /* FormField.swift in Sources */ = {isa = PBXBuildFile; fileRef = 4A2D244827EC165E005A9502 /* FormField.swift */; };
		4A3D48FE27F7EA5F00C390D0 /* SearchFilter.swift in Sources */ = {isa = PBXBuildFile; fileRef = 4A3D48FD27F7EA5F00C390D0 /* SearchFilter.swift */; };
		4A3D490027F7F49C00C390D0 /* SearchGameAdd.swift in Sources */ = {isa = PBXBuildFile; fileRef = 4A3D48FF27F7F49C00C390D0 /* SearchGameAdd.swift */; };
		4A3F991B27E217D60016AC9C /* StatsHome.swift in Sources */ = {isa = PBXBuildFile; fileRef = 4A3F991A27E217D60016AC9C /* StatsHome.swift */; };
		4A61A97927FBD74D00A0612A /* ListSelect.swift in Sources */ = {isa = PBXBuildFile; fileRef = 4A61A97827FBD74D00A0612A /* ListSelect.swift */; };
		4A61A97B27FBDFBF00A0612A /* FilterSection.swift in Sources */ = {isa = PBXBuildFile; fileRef = 4A61A97A27FBDFBF00A0612A /* FilterSection.swift */; };
		4A61A97D27FBEA9500A0612A /* EditFormField.swift in Sources */ = {isa = PBXBuildFile; fileRef = 4A61A97C27FBEA9500A0612A /* EditFormField.swift */; };
		4A81A28B27E571830078BD7B /* GameSearch.swift in Sources */ = {isa = PBXBuildFile; fileRef = 4A81A28A27E571830078BD7B /* GameSearch.swift */; };
		4A81A28F27E585FA0078BD7B /* SearchGameDetail.swift in Sources */ = {isa = PBXBuildFile; fileRef = 4A81A28E27E585FA0078BD7B /* SearchGameDetail.swift */; };
		4A81A29227E58A200078BD7B /* DateHelper.swift in Sources */ = {isa = PBXBuildFile; fileRef = 4A81A29127E58A200078BD7B /* DateHelper.swift */; };
		4A87279327E02F0700E8F76B /* Game.swift in Sources */ = {isa = PBXBuildFile; fileRef = 4A87279227E02F0700E8F76B /* Game.swift */; };
		4A87279527E0309200E8F76B /* EditGame.swift in Sources */ = {isa = PBXBuildFile; fileRef = 4A87279427E0309200E8F76B /* EditGame.swift */; };
		4A87279727E0330600E8F76B /* GameDetail.swift in Sources */ = {isa = PBXBuildFile; fileRef = 4A87279627E0330600E8F76B /* GameDetail.swift */; };
		4A87D2C927DE729400585B01 /* ToGamingApp.swift in Sources */ = {isa = PBXBuildFile; fileRef = 4A87D2C827DE729400585B01 /* ToGamingApp.swift */; };
		4A87D2CD27DE729500585B01 /* Assets.xcassets in Resources */ = {isa = PBXBuildFile; fileRef = 4A87D2CC27DE729500585B01 /* Assets.xcassets */; };
		4A87D2D027DE729500585B01 /* Preview Assets.xcassets in Resources */ = {isa = PBXBuildFile; fileRef = 4A87D2CF27DE729500585B01 /* Preview Assets.xcassets */; };
		4A87D2DC27DEBCFD00585B01 /* SearchHome.swift in Sources */ = {isa = PBXBuildFile; fileRef = 4A87D2DB27DEBCFD00585B01 /* SearchHome.swift */; };
		4A87D2DE27DEBF2900585B01 /* GamesHome.swift in Sources */ = {isa = PBXBuildFile; fileRef = 4A87D2DD27DEBF2900585B01 /* GamesHome.swift */; };
		4A87D2E027DEBF3300585B01 /* ConfigHome.swift in Sources */ = {isa = PBXBuildFile; fileRef = 4A87D2DF27DEBF3300585B01 /* ConfigHome.swift */; };
		4A87D2E227DEC5F000585B01 /* NewGame.swift in Sources */ = {isa = PBXBuildFile; fileRef = 4A87D2E127DEC5F000585B01 /* NewGame.swift */; };
		4A87D2E427DEC8D800585B01 /* GameCard.swift in Sources */ = {isa = PBXBuildFile; fileRef = 4A87D2E327DEC8D800585B01 /* GameCard.swift */; };
		4A881E3F27E62DD400E86EBA /* GamesSearch.swift in Sources */ = {isa = PBXBuildFile; fileRef = 4A881E3E27E62DD400E86EBA /* GamesSearch.swift */; };
		4AB6898527F4E0F300718215 /* ContentView.swift in Sources */ = {isa = PBXBuildFile; fileRef = 4AB6898427F4E0F200718215 /* ContentView.swift */; };
		4AB70CE127FD29B6002DA54B /* RecentlySearchedGameRow.swift in Sources */ = {isa = PBXBuildFile; fileRef = 4AB70CE027FD29B6002DA54B /* RecentlySearchedGameRow.swift */; };
		4AB9583D27F297D800EAE362 /* AddGame.swift in Sources */ = {isa = PBXBuildFile; fileRef = 4AB9583C27F297D800EAE362 /* AddGame.swift */; };
		4AB9583F27F2A9A500EAE362 /* StatusToIcon.swift in Sources */ = {isa = PBXBuildFile; fileRef = 4AB9583E27F2A9A500EAE362 /* StatusToIcon.swift */; };
		4AE2F22B27E4314A0036EAD9 /* AboutPage.swift in Sources */ = {isa = PBXBuildFile; fileRef = 4AE2F22A27E4314A0036EAD9 /* AboutPage.swift */; };
		4AE2F22D27E433F80036EAD9 /* GameRow.swift in Sources */ = {isa = PBXBuildFile; fileRef = 4AE2F22C27E433F80036EAD9 /* GameRow.swift */; };
/* End PBXBuildFile section */

/* Begin PBXFileReference section */
		4A039D8627E5399100F49EEE /* ModelData.swift */ = {isa = PBXFileReference; lastKnownFileType = sourcecode.swift; path = ModelData.swift; sourceTree = "<group>"; };
		4A0BE6CF27E7F7D400B8D724 /* GameItem.swift */ = {isa = PBXFileReference; lastKnownFileType = sourcecode.swift; path = GameItem.swift; sourceTree = "<group>"; };
		4A0BE6D127E8074300B8D724 /* SearchGameRow.swift */ = {isa = PBXFileReference; lastKnownFileType = sourcecode.swift; path = SearchGameRow.swift; sourceTree = "<group>"; };
		4A1A673327F89D3C006656A6 /* Rating.swift */ = {isa = PBXFileReference; lastKnownFileType = sourcecode.swift; path = Rating.swift; sourceTree = "<group>"; };
		4A1A673527F8AF15006656A6 /* ScrollItems.swift */ = {isa = PBXFileReference; lastKnownFileType = sourcecode.swift; path = ScrollItems.swift; sourceTree = "<group>"; };
		4A1A673727F8B949006656A6 /* KeyValueText.swift */ = {isa = PBXFileReference; lastKnownFileType = sourcecode.swift; path = KeyValueText.swift; sourceTree = "<group>"; };
		4A27352727E36C5C005C129A /* UserConfig.swift */ = {isa = PBXFileReference; lastKnownFileType = sourcecode.swift; path = UserConfig.swift; sourceTree = "<group>"; };
		4A2C311B27E97703001CAFD8 /* EmptyGameCard.swift */ = {isa = PBXFileReference; lastKnownFileType = sourcecode.swift; path = EmptyGameCard.swift; sourceTree = "<group>"; };
		4A2C311D27E97714001CAFD8 /* ToListGameCard.swift */ = {isa = PBXFileReference; lastKnownFileType = sourcecode.swift; path = ToListGameCard.swift; sourceTree = "<group>"; };
		4A2C311F27E97E99001CAFD8 /* GamesList.swift */ = {isa = PBXFileReference; lastKnownFileType = sourcecode.swift; path = GamesList.swift; sourceTree = "<group>"; };
		4A2D244827EC165E005A9502 /* FormField.swift */ = {isa = PBXFileReference; lastKnownFileType = sourcecode.swift; path = FormField.swift; sourceTree = "<group>"; };
		4A3D48FD27F7EA5F00C390D0 /* SearchFilter.swift */ = {isa = PBXFileReference; lastKnownFileType = sourcecode.swift; path = SearchFilter.swift; sourceTree = "<group>"; };
		4A3D48FF27F7F49C00C390D0 /* SearchGameAdd.swift */ = {isa = PBXFileReference; lastKnownFileType = sourcecode.swift; path = SearchGameAdd.swift; sourceTree = "<group>"; };
		4A3F991A27E217D60016AC9C /* StatsHome.swift */ = {isa = PBXFileReference; lastKnownFileType = sourcecode.swift; path = StatsHome.swift; sourceTree = "<group>"; };
		4A61A97827FBD74D00A0612A /* ListSelect.swift */ = {isa = PBXFileReference; lastKnownFileType = sourcecode.swift; path = ListSelect.swift; sourceTree = "<group>"; };
		4A61A97A27FBDFBF00A0612A /* FilterSection.swift */ = {isa = PBXFileReference; lastKnownFileType = sourcecode.swift; path = FilterSection.swift; sourceTree = "<group>"; };
		4A61A97C27FBEA9500A0612A /* EditFormField.swift */ = {isa = PBXFileReference; lastKnownFileType = sourcecode.swift; path = EditFormField.swift; sourceTree = "<group>"; };
		4A81A28A27E571830078BD7B /* GameSearch.swift */ = {isa = PBXFileReference; lastKnownFileType = sourcecode.swift; path = GameSearch.swift; sourceTree = "<group>"; };
		4A81A28E27E585FA0078BD7B /* SearchGameDetail.swift */ = {isa = PBXFileReference; lastKnownFileType = sourcecode.swift; path = SearchGameDetail.swift; sourceTree = "<group>"; };
		4A81A29127E58A200078BD7B /* DateHelper.swift */ = {isa = PBXFileReference; lastKnownFileType = sourcecode.swift; path = DateHelper.swift; sourceTree = "<group>"; };
		4A87279227E02F0700E8F76B /* Game.swift */ = {isa = PBXFileReference; lastKnownFileType = sourcecode.swift; path = Game.swift; sourceTree = "<group>"; };
		4A87279427E0309200E8F76B /* EditGame.swift */ = {isa = PBXFileReference; lastKnownFileType = sourcecode.swift; path = EditGame.swift; sourceTree = "<group>"; };
		4A87279627E0330600E8F76B /* GameDetail.swift */ = {isa = PBXFileReference; lastKnownFileType = sourcecode.swift; path = GameDetail.swift; sourceTree = "<group>"; };
		4A87D2C527DE729400585B01 /* ToGaming.app */ = {isa = PBXFileReference; explicitFileType = wrapper.application; includeInIndex = 0; path = ToGaming.app; sourceTree = BUILT_PRODUCTS_DIR; };
		4A87D2C827DE729400585B01 /* ToGamingApp.swift */ = {isa = PBXFileReference; lastKnownFileType = sourcecode.swift; path = ToGamingApp.swift; sourceTree = "<group>"; };
		4A87D2CC27DE729500585B01 /* Assets.xcassets */ = {isa = PBXFileReference; lastKnownFileType = folder.assetcatalog; path = Assets.xcassets; sourceTree = "<group>"; };
		4A87D2CF27DE729500585B01 /* Preview Assets.xcassets */ = {isa = PBXFileReference; lastKnownFileType = folder.assetcatalog; path = "Preview Assets.xcassets"; sourceTree = "<group>"; };
		4A87D2DB27DEBCFD00585B01 /* SearchHome.swift */ = {isa = PBXFileReference; lastKnownFileType = sourcecode.swift; path = SearchHome.swift; sourceTree = "<group>"; };
		4A87D2DD27DEBF2900585B01 /* GamesHome.swift */ = {isa = PBXFileReference; lastKnownFileType = sourcecode.swift; path = GamesHome.swift; sourceTree = "<group>"; };
		4A87D2DF27DEBF3300585B01 /* ConfigHome.swift */ = {isa = PBXFileReference; lastKnownFileType = sourcecode.swift; path = ConfigHome.swift; sourceTree = "<group>"; };
		4A87D2E127DEC5F000585B01 /* NewGame.swift */ = {isa = PBXFileReference; lastKnownFileType = sourcecode.swift; path = NewGame.swift; sourceTree = "<group>"; };
		4A87D2E327DEC8D800585B01 /* GameCard.swift */ = {isa = PBXFileReference; lastKnownFileType = sourcecode.swift; path = GameCard.swift; sourceTree = "<group>"; };
		4A881E3E27E62DD400E86EBA /* GamesSearch.swift */ = {isa = PBXFileReference; lastKnownFileType = sourcecode.swift; path = GamesSearch.swift; sourceTree = "<group>"; };
		4AB6898427F4E0F200718215 /* ContentView.swift */ = {isa = PBXFileReference; fileEncoding = 4; lastKnownFileType = sourcecode.swift; path = ContentView.swift; sourceTree = "<group>"; };
		4AB70CE027FD29B6002DA54B /* RecentlySearchedGameRow.swift */ = {isa = PBXFileReference; lastKnownFileType = sourcecode.swift; path = RecentlySearchedGameRow.swift; sourceTree = "<group>"; };
		4AB9583C27F297D800EAE362 /* AddGame.swift */ = {isa = PBXFileReference; lastKnownFileType = sourcecode.swift; path = AddGame.swift; sourceTree = "<group>"; };
		4AB9583E27F2A9A500EAE362 /* StatusToIcon.swift */ = {isa = PBXFileReference; lastKnownFileType = sourcecode.swift; path = StatusToIcon.swift; sourceTree = "<group>"; };
		4AE2F22A27E4314A0036EAD9 /* AboutPage.swift */ = {isa = PBXFileReference; lastKnownFileType = sourcecode.swift; path = AboutPage.swift; sourceTree = "<group>"; };
		4AE2F22C27E433F80036EAD9 /* GameRow.swift */ = {isa = PBXFileReference; lastKnownFileType = sourcecode.swift; path = GameRow.swift; sourceTree = "<group>"; };
/* End PBXFileReference section */

/* Begin PBXFrameworksBuildPhase section */
		4A87D2C227DE729400585B01 /* Frameworks */ = {
			isa = PBXFrameworksBuildPhase;
			buildActionMask = 2147483647;
			files = (
			);
			runOnlyForDeploymentPostprocessing = 0;
		};
/* End PBXFrameworksBuildPhase section */

/* Begin PBXGroup section */
		4A2C311A27E976DF001CAFD8 /* Card */ = {
			isa = PBXGroup;
			children = (
				4A87D2E327DEC8D800585B01 /* GameCard.swift */,
				4A2C311B27E97703001CAFD8 /* EmptyGameCard.swift */,
				4A2C311D27E97714001CAFD8 /* ToListGameCard.swift */,
			);
			path = Card;
			sourceTree = "<group>";
		};
		4A2D244727EC164C005A9502 /* Common */ = {
			isa = PBXGroup;
			children = (
				4A61A97C27FBEA9500A0612A /* EditFormField.swift */,
				4A2D244827EC165E005A9502 /* FormField.swift */,
				4A1A673327F89D3C006656A6 /* Rating.swift */,
				4A1A673527F8AF15006656A6 /* ScrollItems.swift */,
				4A1A673727F8B949006656A6 /* KeyValueText.swift */,
				4A61A97827FBD74D00A0612A /* ListSelect.swift */,
				4A61A97A27FBDFBF00A0612A /* FilterSection.swift */,
			);
			path = Common;
			sourceTree = "<group>";
		};
		4A3F991927E217C10016AC9C /* Statistics */ = {
			isa = PBXGroup;
			children = (
				4A3F991A27E217D60016AC9C /* StatsHome.swift */,
			);
			path = Statistics;
			sourceTree = "<group>";
		};
		4A81A29027E58A0C0078BD7B /* Helper */ = {
			isa = PBXGroup;
			children = (
				4A81A29127E58A200078BD7B /* DateHelper.swift */,
				4AB9583E27F2A9A500EAE362 /* StatusToIcon.swift */,
			);
			path = Helper;
			sourceTree = "<group>";
		};
		4A87D2BC27DE729300585B01 = {
			isa = PBXGroup;
			children = (
				4A87D2C727DE729400585B01 /* ToGaming */,
				4A87D2C627DE729400585B01 /* Products */,
			);
			sourceTree = "<group>";
		};
		4A87D2C627DE729400585B01 /* Products */ = {
			isa = PBXGroup;
			children = (
				4A87D2C527DE729400585B01 /* ToGaming.app */,
			);
			name = Products;
			sourceTree = "<group>";
		};
		4A87D2C727DE729400585B01 /* ToGaming */ = {
			isa = PBXGroup;
			children = (
				4A81A29027E58A0C0078BD7B /* Helper */,
				4A87D2D727DEBC5800585B01 /* Model */,
				4A87D2D627DEBC5300585B01 /* Views */,
				4A87D2C827DE729400585B01 /* ToGamingApp.swift */,
				4AB6898427F4E0F200718215 /* ContentView.swift */,
				4A87D2CC27DE729500585B01 /* Assets.xcassets */,
				4A87D2CE27DE729500585B01 /* Preview Content */,
			);
			path = ToGaming;
			sourceTree = "<group>";
		};
		4A87D2CE27DE729500585B01 /* Preview Content */ = {
			isa = PBXGroup;
			children = (
				4A87D2CF27DE729500585B01 /* Preview Assets.xcassets */,
			);
			path = "Preview Content";
			sourceTree = "<group>";
		};
		4A87D2D627DEBC5300585B01 /* Views */ = {
			isa = PBXGroup;
			children = (
				4A2D244727EC164C005A9502 /* Common */,
				4A3F991927E217C10016AC9C /* Statistics */,
				4A87D2DA27DEBC9A00585B01 /* Games */,
				4A87D2D827DEBC8D00585B01 /* Search */,
				4A87D2D927DEBC9500585B01 /* Configuration */,
				4AE2F22A27E4314A0036EAD9 /* AboutPage.swift */,
			);
			path = Views;
			sourceTree = "<group>";
		};
		4A87D2D727DEBC5800585B01 /* Model */ = {
			isa = PBXGroup;
			children = (
				4A87279227E02F0700E8F76B /* Game.swift */,
				4A27352727E36C5C005C129A /* UserConfig.swift */,
				4A039D8627E5399100F49EEE /* ModelData.swift */,
				4A81A28A27E571830078BD7B /* GameSearch.swift */,
			);
			path = Model;
			sourceTree = "<group>";
		};
		4A87D2D827DEBC8D00585B01 /* Search */ = {
			isa = PBXGroup;
			children = (
				4A87D2DB27DEBCFD00585B01 /* SearchHome.swift */,
				4A81A28E27E585FA0078BD7B /* SearchGameDetail.swift */,
				4A0BE6D127E8074300B8D724 /* SearchGameRow.swift */,
				4A3D48FD27F7EA5F00C390D0 /* SearchFilter.swift */,
				4A3D48FF27F7F49C00C390D0 /* SearchGameAdd.swift */,
				4AB70CE027FD29B6002DA54B /* RecentlySearchedGameRow.swift */,
			);
			path = Search;
			sourceTree = "<group>";
		};
		4A87D2D927DEBC9500585B01 /* Configuration */ = {
			isa = PBXGroup;
			children = (
				4A87D2DF27DEBF3300585B01 /* ConfigHome.swift */,
			);
			path = Configuration;
			sourceTree = "<group>";
		};
		4A87D2DA27DEBC9A00585B01 /* Games */ = {
			isa = PBXGroup;
			children = (
				4A2C311A27E976DF001CAFD8 /* Card */,
				4A87D2DD27DEBF2900585B01 /* GamesHome.swift */,
				4A881E3E27E62DD400E86EBA /* GamesSearch.swift */,
				4A87D2E127DEC5F000585B01 /* NewGame.swift */,
				4A87279427E0309200E8F76B /* EditGame.swift */,
				4A87279627E0330600E8F76B /* GameDetail.swift */,
				4AE2F22C27E433F80036EAD9 /* GameRow.swift */,
				4A0BE6CF27E7F7D400B8D724 /* GameItem.swift */,
				4A2C311F27E97E99001CAFD8 /* GamesList.swift */,
				4AB9583C27F297D800EAE362 /* AddGame.swift */,
			);
			path = Games;
			sourceTree = "<group>";
		};
/* End PBXGroup section */

/* Begin PBXNativeTarget section */
		4A87D2C427DE729400585B01 /* ToGaming */ = {
			isa = PBXNativeTarget;
			buildConfigurationList = 4A87D2D327DE729500585B01 /* Build configuration list for PBXNativeTarget "ToGaming" */;
			buildPhases = (
				4A87D2C127DE729400585B01 /* Sources */,
				4A87D2C227DE729400585B01 /* Frameworks */,
				4A87D2C327DE729400585B01 /* Resources */,
			);
			buildRules = (
			);
			dependencies = (
			);
			name = ToGaming;
			productName = ToGaming;
			productReference = 4A87D2C527DE729400585B01 /* ToGaming.app */;
			productType = "com.apple.product-type.application";
		};
/* End PBXNativeTarget section */

/* Begin PBXProject section */
		4A87D2BD27DE729300585B01 /* Project object */ = {
			isa = PBXProject;
			attributes = {
				BuildIndependentTargetsInParallel = 1;
				LastSwiftUpdateCheck = 1320;
				LastUpgradeCheck = 1320;
				TargetAttributes = {
					4A87D2C427DE729400585B01 = {
						CreatedOnToolsVersion = 13.2.1;
					};
				};
			};
			buildConfigurationList = 4A87D2C027DE729300585B01 /* Build configuration list for PBXProject "ToGaming" */;
			compatibilityVersion = "Xcode 13.0";
			developmentRegion = en;
			hasScannedForEncodings = 0;
			knownRegions = (
				en,
				Base,
			);
			mainGroup = 4A87D2BC27DE729300585B01;
			productRefGroup = 4A87D2C627DE729400585B01 /* Products */;
			projectDirPath = "";
			projectRoot = "";
			targets = (
				4A87D2C427DE729400585B01 /* ToGaming */,
			);
		};
/* End PBXProject section */

/* Begin PBXResourcesBuildPhase section */
		4A87D2C327DE729400585B01 /* Resources */ = {
			isa = PBXResourcesBuildPhase;
			buildActionMask = 2147483647;
			files = (
				4A87D2D027DE729500585B01 /* Preview Assets.xcassets in Resources */,
				4A87D2CD27DE729500585B01 /* Assets.xcassets in Resources */,
			);
			runOnlyForDeploymentPostprocessing = 0;
		};
/* End PBXResourcesBuildPhase section */

/* Begin PBXSourcesBuildPhase section */
		4A87D2C127DE729400585B01 /* Sources */ = {
			isa = PBXSourcesBuildPhase;
			buildActionMask = 2147483647;
			files = (
				4AE2F22B27E4314A0036EAD9 /* AboutPage.swift in Sources */,
				4A87D2E227DEC5F000585B01 /* NewGame.swift in Sources */,
				4A0BE6D027E7F7D400B8D724 /* GameItem.swift in Sources */,
				4A2C311E27E97714001CAFD8 /* ToListGameCard.swift in Sources */,
				4A039D8727E5399100F49EEE /* ModelData.swift in Sources */,
				4A61A97927FBD74D00A0612A /* ListSelect.swift in Sources */,
				4A3D48FE27F7EA5F00C390D0 /* SearchFilter.swift in Sources */,
				4AB9583D27F297D800EAE362 /* AddGame.swift in Sources */,
				4A87D2DE27DEBF2900585B01 /* GamesHome.swift in Sources */,
				4A81A28F27E585FA0078BD7B /* SearchGameDetail.swift in Sources */,
				4A87D2DC27DEBCFD00585B01 /* SearchHome.swift in Sources */,
				4A61A97B27FBDFBF00A0612A /* FilterSection.swift in Sources */,
				4A87279727E0330600E8F76B /* GameDetail.swift in Sources */,
				4A2D244927EC165E005A9502 /* FormField.swift in Sources */,
				4A1A673427F89D3C006656A6 /* Rating.swift in Sources */,
				4AB9583F27F2A9A500EAE362 /* StatusToIcon.swift in Sources */,
				4AE2F22D27E433F80036EAD9 /* GameRow.swift in Sources */,
				4A2C312027E97E99001CAFD8 /* GamesList.swift in Sources */,
				4AB6898527F4E0F300718215 /* ContentView.swift in Sources */,
				4AB70CE127FD29B6002DA54B /* RecentlySearchedGameRow.swift in Sources */,
				4A27352827E36C5C005C129A /* UserConfig.swift in Sources */,
				4A0BE6D227E8074300B8D724 /* SearchGameRow.swift in Sources */,
				4A87D2C927DE729400585B01 /* ToGamingApp.swift in Sources */,
				4A2C311C27E97703001CAFD8 /* EmptyGameCard.swift in Sources */,
				4A87D2E427DEC8D800585B01 /* GameCard.swift in Sources */,
				4A3D490027F7F49C00C390D0 /* SearchGameAdd.swift in Sources */,
				4A1A673627F8AF15006656A6 /* ScrollItems.swift in Sources */,
				4A1A673827F8B949006656A6 /* KeyValueText.swift in Sources */,
				4A81A28B27E571830078BD7B /* GameSearch.swift in Sources */,
				4A87279527E0309200E8F76B /* EditGame.swift in Sources */,
				4A881E3F27E62DD400E86EBA /* GamesSearch.swift in Sources */,
				4A61A97D27FBEA9500A0612A /* EditFormField.swift in Sources */,
				4A87D2E027DEBF3300585B01 /* ConfigHome.swift in Sources */,
				4A81A29227E58A200078BD7B /* DateHelper.swift in Sources */,
				4A87279327E02F0700E8F76B /* Game.swift in Sources */,
				4A3F991B27E217D60016AC9C /* StatsHome.swift in Sources */,
			);
			runOnlyForDeploymentPostprocessing = 0;
		};
/* End PBXSourcesBuildPhase section */

/* Begin XCBuildConfiguration section */
		4A87D2D127DE729500585B01 /* Debug */ = {
			isa = XCBuildConfiguration;
			buildSettings = {
				ALWAYS_SEARCH_USER_PATHS = NO;
				CLANG_ANALYZER_NONNULL = YES;
				CLANG_ANALYZER_NUMBER_OBJECT_CONVERSION = YES_AGGRESSIVE;
				CLANG_CXX_LANGUAGE_STANDARD = "gnu++17";
				CLANG_CXX_LIBRARY = "libc++";
				CLANG_ENABLE_MODULES = YES;
				CLANG_ENABLE_OBJC_ARC = YES;
				CLANG_ENABLE_OBJC_WEAK = YES;
				CLANG_WARN_BLOCK_CAPTURE_AUTORELEASING = YES;
				CLANG_WARN_BOOL_CONVERSION = YES;
				CLANG_WARN_COMMA = YES;
				CLANG_WARN_CONSTANT_CONVERSION = YES;
				CLANG_WARN_DEPRECATED_OBJC_IMPLEMENTATIONS = YES;
				CLANG_WARN_DIRECT_OBJC_ISA_USAGE = YES_ERROR;
				CLANG_WARN_DOCUMENTATION_COMMENTS = YES;
				CLANG_WARN_EMPTY_BODY = YES;
				CLANG_WARN_ENUM_CONVERSION = YES;
				CLANG_WARN_INFINITE_RECURSION = YES;
				CLANG_WARN_INT_CONVERSION = YES;
				CLANG_WARN_NON_LITERAL_NULL_CONVERSION = YES;
				CLANG_WARN_OBJC_IMPLICIT_RETAIN_SELF = YES;
				CLANG_WARN_OBJC_LITERAL_CONVERSION = YES;
				CLANG_WARN_OBJC_ROOT_CLASS = YES_ERROR;
				CLANG_WARN_QUOTED_INCLUDE_IN_FRAMEWORK_HEADER = YES;
				CLANG_WARN_RANGE_LOOP_ANALYSIS = YES;
				CLANG_WARN_STRICT_PROTOTYPES = YES;
				CLANG_WARN_SUSPICIOUS_MOVE = YES;
				CLANG_WARN_UNGUARDED_AVAILABILITY = YES_AGGRESSIVE;
				CLANG_WARN_UNREACHABLE_CODE = YES;
				CLANG_WARN__DUPLICATE_METHOD_MATCH = YES;
				COPY_PHASE_STRIP = NO;
				DEBUG_INFORMATION_FORMAT = dwarf;
				ENABLE_STRICT_OBJC_MSGSEND = YES;
				ENABLE_TESTABILITY = YES;
				GCC_C_LANGUAGE_STANDARD = gnu11;
				GCC_DYNAMIC_NO_PIC = NO;
				GCC_NO_COMMON_BLOCKS = YES;
				GCC_OPTIMIZATION_LEVEL = 0;
				GCC_PREPROCESSOR_DEFINITIONS = (
					"DEBUG=1",
					"$(inherited)",
				);
				GCC_WARN_64_TO_32_BIT_CONVERSION = YES;
				GCC_WARN_ABOUT_RETURN_TYPE = YES_ERROR;
				GCC_WARN_UNDECLARED_SELECTOR = YES;
				GCC_WARN_UNINITIALIZED_AUTOS = YES_AGGRESSIVE;
				GCC_WARN_UNUSED_FUNCTION = YES;
				GCC_WARN_UNUSED_VARIABLE = YES;
				IPHONEOS_DEPLOYMENT_TARGET = 15.2;
				MTL_ENABLE_DEBUG_INFO = INCLUDE_SOURCE;
				MTL_FAST_MATH = YES;
				ONLY_ACTIVE_ARCH = YES;
				SDKROOT = iphoneos;
				SWIFT_ACTIVE_COMPILATION_CONDITIONS = DEBUG;
				SWIFT_OPTIMIZATION_LEVEL = "-Onone";
			};
			name = Debug;
		};
		4A87D2D227DE729500585B01 /* Release */ = {
			isa = XCBuildConfiguration;
			buildSettings = {
				ALWAYS_SEARCH_USER_PATHS = NO;
				CLANG_ANALYZER_NONNULL = YES;
				CLANG_ANALYZER_NUMBER_OBJECT_CONVERSION = YES_AGGRESSIVE;
				CLANG_CXX_LANGUAGE_STANDARD = "gnu++17";
				CLANG_CXX_LIBRARY = "libc++";
				CLANG_ENABLE_MODULES = YES;
				CLANG_ENABLE_OBJC_ARC = YES;
				CLANG_ENABLE_OBJC_WEAK = YES;
				CLANG_WARN_BLOCK_CAPTURE_AUTORELEASING = YES;
				CLANG_WARN_BOOL_CONVERSION = YES;
				CLANG_WARN_COMMA = YES;
				CLANG_WARN_CONSTANT_CONVERSION = YES;
				CLANG_WARN_DEPRECATED_OBJC_IMPLEMENTATIONS = YES;
				CLANG_WARN_DIRECT_OBJC_ISA_USAGE = YES_ERROR;
				CLANG_WARN_DOCUMENTATION_COMMENTS = YES;
				CLANG_WARN_EMPTY_BODY = YES;
				CLANG_WARN_ENUM_CONVERSION = YES;
				CLANG_WARN_INFINITE_RECURSION = YES;
				CLANG_WARN_INT_CONVERSION = YES;
				CLANG_WARN_NON_LITERAL_NULL_CONVERSION = YES;
				CLANG_WARN_OBJC_IMPLICIT_RETAIN_SELF = YES;
				CLANG_WARN_OBJC_LITERAL_CONVERSION = YES;
				CLANG_WARN_OBJC_ROOT_CLASS = YES_ERROR;
				CLANG_WARN_QUOTED_INCLUDE_IN_FRAMEWORK_HEADER = YES;
				CLANG_WARN_RANGE_LOOP_ANALYSIS = YES;
				CLANG_WARN_STRICT_PROTOTYPES = YES;
				CLANG_WARN_SUSPICIOUS_MOVE = YES;
				CLANG_WARN_UNGUARDED_AVAILABILITY = YES_AGGRESSIVE;
				CLANG_WARN_UNREACHABLE_CODE = YES;
				CLANG_WARN__DUPLICATE_METHOD_MATCH = YES;
				COPY_PHASE_STRIP = NO;
				DEBUG_INFORMATION_FORMAT = "dwarf-with-dsym";
				ENABLE_NS_ASSERTIONS = NO;
				ENABLE_STRICT_OBJC_MSGSEND = YES;
				GCC_C_LANGUAGE_STANDARD = gnu11;
				GCC_NO_COMMON_BLOCKS = YES;
				GCC_WARN_64_TO_32_BIT_CONVERSION = YES;
				GCC_WARN_ABOUT_RETURN_TYPE = YES_ERROR;
				GCC_WARN_UNDECLARED_SELECTOR = YES;
				GCC_WARN_UNINITIALIZED_AUTOS = YES_AGGRESSIVE;
				GCC_WARN_UNUSED_FUNCTION = YES;
				GCC_WARN_UNUSED_VARIABLE = YES;
				IPHONEOS_DEPLOYMENT_TARGET = 15.2;
				MTL_ENABLE_DEBUG_INFO = NO;
				MTL_FAST_MATH = YES;
				SDKROOT = iphoneos;
				SWIFT_COMPILATION_MODE = wholemodule;
				SWIFT_OPTIMIZATION_LEVEL = "-O";
				VALIDATE_PRODUCT = YES;
			};
			name = Release;
		};
		4A87D2D427DE729500585B01 /* Debug */ = {
			isa = XCBuildConfiguration;
			buildSettings = {
				ASSETCATALOG_COMPILER_APPICON_NAME = AppIcon;
				ASSETCATALOG_COMPILER_GLOBAL_ACCENT_COLOR_NAME = AccentColor;
				CODE_SIGN_STYLE = Automatic;
				CURRENT_PROJECT_VERSION = 1;
				DEVELOPMENT_ASSET_PATHS = "\"ToGaming/Preview Content\"";
				DEVELOPMENT_TEAM = X9ZWB64F79;
				ENABLE_PREVIEWS = YES;
				GENERATE_INFOPLIST_FILE = YES;
				INFOPLIST_KEY_UIApplicationSceneManifest_Generation = YES;
				INFOPLIST_KEY_UIApplicationSupportsIndirectInputEvents = YES;
				INFOPLIST_KEY_UILaunchScreen_Generation = YES;
				INFOPLIST_KEY_UISupportedInterfaceOrientations_iPad = "UIInterfaceOrientationPortrait UIInterfaceOrientationPortraitUpsideDown UIInterfaceOrientationLandscapeLeft UIInterfaceOrientationLandscapeRight";
				INFOPLIST_KEY_UISupportedInterfaceOrientations_iPhone = "UIInterfaceOrientationPortrait UIInterfaceOrientationLandscapeLeft UIInterfaceOrientationLandscapeRight";
				LD_RUNPATH_SEARCH_PATHS = (
					"$(inherited)",
					"@executable_path/Frameworks",
				);
				MARKETING_VERSION = 1.0;
				PRODUCT_BUNDLE_IDENTIFIER = felipe.ToGaming;
				PRODUCT_NAME = "$(TARGET_NAME)";
				SWIFT_EMIT_LOC_STRINGS = YES;
				SWIFT_VERSION = 5.0;
				TARGETED_DEVICE_FAMILY = "1,2";
			};
			name = Debug;
		};
		4A87D2D527DE729500585B01 /* Release */ = {
			isa = XCBuildConfiguration;
			buildSettings = {
				ASSETCATALOG_COMPILER_APPICON_NAME = AppIcon;
				ASSETCATALOG_COMPILER_GLOBAL_ACCENT_COLOR_NAME = AccentColor;
				CODE_SIGN_STYLE = Automatic;
				CURRENT_PROJECT_VERSION = 1;
				DEVELOPMENT_ASSET_PATHS = "\"ToGaming/Preview Content\"";
				DEVELOPMENT_TEAM = X9ZWB64F79;
				ENABLE_PREVIEWS = YES;
				GENERATE_INFOPLIST_FILE = YES;
				INFOPLIST_KEY_UIApplicationSceneManifest_Generation = YES;
				INFOPLIST_KEY_UIApplicationSupportsIndirectInputEvents = YES;
				INFOPLIST_KEY_UILaunchScreen_Generation = YES;
				INFOPLIST_KEY_UISupportedInterfaceOrientations_iPad = "UIInterfaceOrientationPortrait UIInterfaceOrientationPortraitUpsideDown UIInterfaceOrientationLandscapeLeft UIInterfaceOrientationLandscapeRight";
				INFOPLIST_KEY_UISupportedInterfaceOrientations_iPhone = "UIInterfaceOrientationPortrait UIInterfaceOrientationLandscapeLeft UIInterfaceOrientationLandscapeRight";
				LD_RUNPATH_SEARCH_PATHS = (
					"$(inherited)",
					"@executable_path/Frameworks",
				);
				MARKETING_VERSION = 1.0;
				PRODUCT_BUNDLE_IDENTIFIER = felipe.ToGaming;
				PRODUCT_NAME = "$(TARGET_NAME)";
				SWIFT_EMIT_LOC_STRINGS = YES;
				SWIFT_VERSION = 5.0;
				TARGETED_DEVICE_FAMILY = "1,2";
			};
			name = Release;
		};
/* End XCBuildConfiguration section */

/* Begin XCConfigurationList section */
		4A87D2C027DE729300585B01 /* Build configuration list for PBXProject "ToGaming" */ = {
			isa = XCConfigurationList;
			buildConfigurations = (
				4A87D2D127DE729500585B01 /* Debug */,
				4A87D2D227DE729500585B01 /* Release */,
			);
			defaultConfigurationIsVisible = 0;
			defaultConfigurationName = Release;
		};
		4A87D2D327DE729500585B01 /* Build configuration list for PBXNativeTarget "ToGaming" */ = {
			isa = XCConfigurationList;
			buildConfigurations = (
				4A87D2D427DE729500585B01 /* Debug */,
				4A87D2D527DE729500585B01 /* Release */,
			);
			defaultConfigurationIsVisible = 0;
			defaultConfigurationName = Release;
		};
/* End XCConfigurationList section */
	};
	rootObject = 4A87D2BD27DE729300585B01 /* Project object */;
}
